// !$*UTF8*$!
{
	archiveVersion = 1;
	classes = {
	};
	objectVersion = 54;
	objects = {

/* Begin PBXBuildFile section */
		07FABB8D25C9AEC100E1CC2C /* SSH.framework in Frameworks */ = {isa = PBXBuildFile; fileRef = 07FABB8425C9AEC000E1CC2C /* SSH.framework */; };
		07FABB9425C9AEC100E1CC2C /* SSHTests.swift in Sources */ = {isa = PBXBuildFile; fileRef = 07FABB9325C9AEC100E1CC2C /* SSHTests.swift */; };
		07FABB9625C9AEC100E1CC2C /* SSH.h in Headers */ = {isa = PBXBuildFile; fileRef = 07FABB8625C9AEC000E1CC2C /* SSH.h */; settings = {ATTRIBUTES = (Public, ); }; };
		07FABBB825C9AECF00E1CC2C /* BlinkFiles.framework in Frameworks */ = {isa = PBXBuildFile; fileRef = 07FABBAF25C9AECF00E1CC2C /* BlinkFiles.framework */; };
		07FABBBF25C9AECF00E1CC2C /* BlinkFilesTests.swift in Sources */ = {isa = PBXBuildFile; fileRef = 07FABBBE25C9AECF00E1CC2C /* BlinkFilesTests.swift */; };
		07FABBC125C9AECF00E1CC2C /* BlinkFiles.h in Headers */ = {isa = PBXBuildFile; fileRef = 07FABBB125C9AECF00E1CC2C /* BlinkFiles.h */; settings = {ATTRIBUTES = (Public, ); }; };
		07FABBDC25C9AF5F00E1CC2C /* SSHUtils.swift in Sources */ = {isa = PBXBuildFile; fileRef = 07FABBD125C9AF5F00E1CC2C /* SSHUtils.swift */; };
		07FABBDD25C9AF5F00E1CC2C /* SSHError.swift in Sources */ = {isa = PBXBuildFile; fileRef = 07FABBD225C9AF5F00E1CC2C /* SSHError.swift */; };
		07FABBDE25C9AF5F00E1CC2C /* SSHClient.swift in Sources */ = {isa = PBXBuildFile; fileRef = 07FABBD325C9AF5F00E1CC2C /* SSHClient.swift */; };
		07FABBDF25C9AF5F00E1CC2C /* Publishers.swift in Sources */ = {isa = PBXBuildFile; fileRef = 07FABBD425C9AF5F00E1CC2C /* Publishers.swift */; };
		07FABBE025C9AF5F00E1CC2C /* Streams.swift in Sources */ = {isa = PBXBuildFile; fileRef = 07FABBD525C9AF5F00E1CC2C /* Streams.swift */; };
		07FABBE125C9AF5F00E1CC2C /* SFTP.swift in Sources */ = {isa = PBXBuildFile; fileRef = 07FABBD625C9AF5F00E1CC2C /* SFTP.swift */; };
		07FABBE225C9AF5F00E1CC2C /* DispatchStreams.swift in Sources */ = {isa = PBXBuildFile; fileRef = 07FABBD725C9AF5F00E1CC2C /* DispatchStreams.swift */; };
		07FABBE325C9AF5F00E1CC2C /* SCP.swift in Sources */ = {isa = PBXBuildFile; fileRef = 07FABBD825C9AF5F00E1CC2C /* SCP.swift */; };
		07FABBE425C9AF5F00E1CC2C /* SSHClient+KnownHostsHelpers.swift in Sources */ = {isa = PBXBuildFile; fileRef = 07FABBD925C9AF5F00E1CC2C /* SSHClient+KnownHostsHelpers.swift */; };
		07FABBE525C9AF5F00E1CC2C /* AuthMethods.swift in Sources */ = {isa = PBXBuildFile; fileRef = 07FABBDA25C9AF5F00E1CC2C /* AuthMethods.swift */; };
		07FABBE625C9AF5F00E1CC2C /* SSHPortForward.swift in Sources */ = {isa = PBXBuildFile; fileRef = 07FABBDB25C9AF5F00E1CC2C /* SSHPortForward.swift */; };
		07FABBF425C9AF7A00E1CC2C /* PublishersTests.swift in Sources */ = {isa = PBXBuildFile; fileRef = 07FABBEC25C9AF7A00E1CC2C /* PublishersTests.swift */; };
		07FABBF525C9AF7A00E1CC2C /* SCPTests.swift in Sources */ = {isa = PBXBuildFile; fileRef = 07FABBED25C9AF7A00E1CC2C /* SCPTests.swift */; };
		07FABBF625C9AF7A00E1CC2C /* StreamsTests.swift in Sources */ = {isa = PBXBuildFile; fileRef = 07FABBEE25C9AF7A00E1CC2C /* StreamsTests.swift */; };
		07FABBF725C9AF7A00E1CC2C /* Credentials.swift in Sources */ = {isa = PBXBuildFile; fileRef = 07FABBEF25C9AF7A00E1CC2C /* Credentials.swift */; };
		07FABBF825C9AF7A00E1CC2C /* SFTPTests.swift in Sources */ = {isa = PBXBuildFile; fileRef = 07FABBF025C9AF7A00E1CC2C /* SFTPTests.swift */; };
		07FABBF925C9AF7A00E1CC2C /* SSHErrorTests.swift in Sources */ = {isa = PBXBuildFile; fileRef = 07FABBF125C9AF7A00E1CC2C /* SSHErrorTests.swift */; };
		07FABBFA25C9AF7A00E1CC2C /* AuthTests.swift in Sources */ = {isa = PBXBuildFile; fileRef = 07FABBF225C9AF7A00E1CC2C /* AuthTests.swift */; };
		07FABBFB25C9AF7A00E1CC2C /* SSHPortForwardTests.swift in Sources */ = {isa = PBXBuildFile; fileRef = 07FABBF325C9AF7A00E1CC2C /* SSHPortForwardTests.swift */; };
		07FABC0A25C9AF8600E1CC2C /* LocalFiles.swift in Sources */ = {isa = PBXBuildFile; fileRef = 07FABC0625C9AF8600E1CC2C /* LocalFiles.swift */; };
		07FABC0B25C9AF8600E1CC2C /* BlinkFiles+Extensions.swift in Sources */ = {isa = PBXBuildFile; fileRef = 07FABC0725C9AF8600E1CC2C /* BlinkFiles+Extensions.swift */; };
		07FABC0C25C9AF8600E1CC2C /* BlinkFiles.swift in Sources */ = {isa = PBXBuildFile; fileRef = 07FABC0825C9AF8600E1CC2C /* BlinkFiles.swift */; };
		07FABC0D25C9AF8600E1CC2C /* CopyFiles.swift in Sources */ = {isa = PBXBuildFile; fileRef = 07FABC0925C9AF8600E1CC2C /* CopyFiles.swift */; };
		07FABC1525C9AF8F00E1CC2C /* LocalFilesTests.swift in Sources */ = {isa = PBXBuildFile; fileRef = 07FABC1325C9AF8F00E1CC2C /* LocalFilesTests.swift */; };
		07FABC1625C9AF8F00E1CC2C /* CopyFilesTests.swift in Sources */ = {isa = PBXBuildFile; fileRef = 07FABC1425C9AF8F00E1CC2C /* CopyFilesTests.swift */; };
		07FABC2225C9AFC500E1CC2C /* String+Extension.swift in Sources */ = {isa = PBXBuildFile; fileRef = 07FABC2125C9AFC400E1CC2C /* String+Extension.swift */; };
		07FABC4825C9B08100E1CC2C /* BlinkFiles.framework in Frameworks */ = {isa = PBXBuildFile; fileRef = 07FABBAF25C9AECF00E1CC2C /* BlinkFiles.framework */; };
		07FDDC5625C9B28200A40529 /* LibSSH.xcframework in Frameworks */ = {isa = PBXBuildFile; fileRef = D2334EC425C1C04700385378 /* LibSSH.xcframework */; };
		BD11E9E6270CD0FD003EA5AE /* openssl.xcframework in Frameworks */ = {isa = PBXBuildFile; fileRef = D2F64C9425CA99AD00F2225D /* openssl.xcframework */; };
		BD7810A52640C36100114700 /* NWConnection+WriterTo.swift in Sources */ = {isa = PBXBuildFile; fileRef = BD7810A42640C36100114700 /* NWConnection+WriterTo.swift */; };
		BD8BBFB025F947710084705F /* Keys.swift in Sources */ = {isa = PBXBuildFile; fileRef = BD8BBFAF25F947710084705F /* Keys.swift */; };
		BD8BBFF826001B020084705F /* AgentConstraints.swift in Sources */ = {isa = PBXBuildFile; fileRef = BD8BBFF426001B020084705F /* AgentConstraints.swift */; };
		BD8D892225DC428300E55D9E /* Agent.swift in Sources */ = {isa = PBXBuildFile; fileRef = BD8D891D25DC428300E55D9E /* Agent.swift */; };
		BD8D892325DC428300E55D9E /* SSHKeys.swift in Sources */ = {isa = PBXBuildFile; fileRef = BD8D892125DC428300E55D9E /* SSHKeys.swift */; };
		BD8D893225DC429500E55D9E /* AgentTests.swift in Sources */ = {isa = PBXBuildFile; fileRef = BD8D893025DC429500E55D9E /* AgentTests.swift */; };
		BD8D893325DC429500E55D9E /* SSHKeysTests.swift in Sources */ = {isa = PBXBuildFile; fileRef = BD8D893125DC429500E55D9E /* SSHKeysTests.swift */; };
		BD8D894F25DC528A00E55D9E /* OpenSSH.xcframework in Frameworks */ = {isa = PBXBuildFile; fileRef = D2334F0A25C1C3A000385378 /* OpenSSH.xcframework */; };
		BD8D897225DC534F00E55D9E /* id_ecdsa in Resources */ = {isa = PBXBuildFile; fileRef = BD8D896E25DC534F00E55D9E /* id_ecdsa */; };
		BD8D897325DC534F00E55D9E /* user_key in Resources */ = {isa = PBXBuildFile; fileRef = BD8D896F25DC534F00E55D9E /* user_key */; };
		BD8D897425DC534F00E55D9E /* id_ecdsa.pub in Resources */ = {isa = PBXBuildFile; fileRef = BD8D897025DC534F00E55D9E /* id_ecdsa.pub */; };
		BD8D897525DC534F00E55D9E /* user_key-cert.pub in Resources */ = {isa = PBXBuildFile; fileRef = BD8D897125DC534F00E55D9E /* user_key-cert.pub */; };
		BD9BF7E7262A6B0300B02074 /* SOCKS.swift in Sources */ = {isa = PBXBuildFile; fileRef = BD9BF7E3262A6B0300B02074 /* SOCKS.swift */; };
		BD9BF7E9262A6B0F00B02074 /* SOCKSTests.swift in Sources */ = {isa = PBXBuildFile; fileRef = BD9BF7E8262A6B0F00B02074 /* SOCKSTests.swift */; };
		BDD6D14727594E8700E76F1F /* SSHClientConfig.swift in Sources */ = {isa = PBXBuildFile; fileRef = BDD6D14627594E8700E76F1F /* SSHClientConfig.swift */; };
		D218069525CC27AC00B98902 /* AppBridge.m in Sources */ = {isa = PBXBuildFile; fileRef = D218069425CC27AC00B98902 /* AppBridge.m */; };
		D218072725CD499C00B98902 /* LibSSH.xcframework in Frameworks */ = {isa = PBXBuildFile; fileRef = D2334EC425C1C04700385378 /* LibSSH.xcframework */; };
		D218073825CD4AF400B98902 /* openssl.xcframework in Frameworks */ = {isa = PBXBuildFile; fileRef = D2F64C9425CA99AD00F2225D /* openssl.xcframework */; };
		D2C3AB792A498CEB003A1BFA /* libz.tbd in Frameworks */ = {isa = PBXBuildFile; fileRef = 0732F1261D06323A00AB5438 /* libz.tbd */; };
		D2C3AB7A2A498CEB003A1BFA /* libz.tbd in Frameworks */ = {isa = PBXBuildFile; fileRef = 0732F1261D06323A00AB5438 /* libz.tbd */; };
		D2DE0DCF260323F400A69B6F /* id_ed25519-passphrase in Resources */ = {isa = PBXBuildFile; fileRef = D2DE0DCD260323F400A69B6F /* id_ed25519-passphrase */; };
		D2DE0DD0260323F400A69B6F /* id_ed25519-passphrase.pub in Resources */ = {isa = PBXBuildFile; fileRef = D2DE0DCE260323F400A69B6F /* id_ed25519-passphrase.pub */; };
		D2EC7B4C25DBC922008B6B3C /* XCTestCase.swift in Sources */ = {isa = PBXBuildFile; fileRef = D2EC7B4B25DBC922008B6B3C /* XCTestCase.swift */; };
/* End PBXBuildFile section */

/* Begin PBXContainerItemProxy section */
		0732F10A1D062BF700AB5438 /* PBXContainerItemProxy */ = {
			isa = PBXContainerItemProxy;
			containerPortal = 0732F1051D062BF700AB5438 /* MBProgressHUD.xcodeproj */;
			proxyType = 2;
			remoteGlobalIDString = D286A7491518C70F00E13FB8;
			remoteInfo = "MBProgressHUD Static Library";
		};
		0732F10C1D062BF700AB5438 /* PBXContainerItemProxy */ = {
			isa = PBXContainerItemProxy;
			containerPortal = 0732F1051D062BF700AB5438 /* MBProgressHUD.xcodeproj */;
			proxyType = 2;
			remoteGlobalIDString = 1D104D7A1ACA36CC00973364;
			remoteInfo = "MBProgressHUD Framework";
		};
		07FABB8E25C9AEC100E1CC2C /* PBXContainerItemProxy */ = {
			isa = PBXContainerItemProxy;
			containerPortal = EA0BA1831C0CC57B00719C1A /* Project object */;
			proxyType = 1;
			remoteGlobalIDString = 07FABB8325C9AEC000E1CC2C;
			remoteInfo = SSH;
		};
		07FABBB925C9AECF00E1CC2C /* PBXContainerItemProxy */ = {
			isa = PBXContainerItemProxy;
			containerPortal = EA0BA1831C0CC57B00719C1A /* Project object */;
			proxyType = 1;
			remoteGlobalIDString = 07FABBAE25C9AECF00E1CC2C;
			remoteInfo = BlinkFiles;
		};
		07FABC4A25C9B08100E1CC2C /* PBXContainerItemProxy */ = {
			isa = PBXContainerItemProxy;
			containerPortal = EA0BA1831C0CC57B00719C1A /* Project object */;
			proxyType = 1;
			remoteGlobalIDString = 07FABBAE25C9AECF00E1CC2C;
			remoteInfo = BlinkFiles;
		};
		D2A3F4DC206909A8006BB305 /* PBXContainerItemProxy */ = {
			isa = PBXContainerItemProxy;
			containerPortal = 0732F1051D062BF700AB5438 /* MBProgressHUD.xcodeproj */;
			proxyType = 2;
			remoteGlobalIDString = 1777D3DF1D757AF50037C7F1;
			remoteInfo = "MBProgressHUD Framework tvOS";
		};
/* End PBXContainerItemProxy section */

/* Begin PBXFileReference section */
		0732F04A1D062B9A00AB5438 /* locales.bundle */ = {isa = PBXFileReference; lastKnownFileType = "wrapper.plug-in"; path = locales.bundle; sourceTree = "<group>"; };
		0732F04B1D062B9A00AB5438 /* term.html */ = {isa = PBXFileReference; fileEncoding = 4; lastKnownFileType = text.html; path = term.html; sourceTree = "<group>"; };
		0732F1051D062BF700AB5438 /* MBProgressHUD.xcodeproj */ = {isa = PBXFileReference; lastKnownFileType = "wrapper.pb-project"; name = MBProgressHUD.xcodeproj; path = MBProgressHUD/MBProgressHUD.xcodeproj; sourceTree = "<group>"; };
		0732F1261D06323A00AB5438 /* libz.tbd */ = {isa = PBXFileReference; lastKnownFileType = "sourcecode.text-based-dylib-definition"; name = libz.tbd; path = usr/lib/libz.tbd; sourceTree = SDKROOT; };
		0732F1281D06324200AB5438 /* libcurses.tbd */ = {isa = PBXFileReference; lastKnownFileType = "sourcecode.text-based-dylib-definition"; name = libcurses.tbd; path = usr/lib/libcurses.tbd; sourceTree = SDKROOT; };
		074F30781D062A2800A73445 /* main.m */ = {isa = PBXFileReference; fileEncoding = 4; lastKnownFileType = sourcecode.c.objc; path = main.m; sourceTree = "<group>"; };
		07FABB8425C9AEC000E1CC2C /* SSH.framework */ = {isa = PBXFileReference; explicitFileType = wrapper.framework; includeInIndex = 0; path = SSH.framework; sourceTree = BUILT_PRODUCTS_DIR; };
		07FABB8625C9AEC000E1CC2C /* SSH.h */ = {isa = PBXFileReference; lastKnownFileType = sourcecode.c.h; path = SSH.h; sourceTree = "<group>"; };
		07FABB8725C9AEC000E1CC2C /* Info.plist */ = {isa = PBXFileReference; lastKnownFileType = text.plist.xml; path = Info.plist; sourceTree = "<group>"; };
		07FABB8C25C9AEC100E1CC2C /* SSHTests.xctest */ = {isa = PBXFileReference; explicitFileType = wrapper.cfbundle; includeInIndex = 0; path = SSHTests.xctest; sourceTree = BUILT_PRODUCTS_DIR; };
		07FABB9325C9AEC100E1CC2C /* SSHTests.swift */ = {isa = PBXFileReference; lastKnownFileType = sourcecode.swift; path = SSHTests.swift; sourceTree = "<group>"; };
		07FABB9525C9AEC100E1CC2C /* Info.plist */ = {isa = PBXFileReference; lastKnownFileType = text.plist.xml; path = Info.plist; sourceTree = "<group>"; };
		07FABBAF25C9AECF00E1CC2C /* BlinkFiles.framework */ = {isa = PBXFileReference; explicitFileType = wrapper.framework; includeInIndex = 0; path = BlinkFiles.framework; sourceTree = BUILT_PRODUCTS_DIR; };
		07FABBB125C9AECF00E1CC2C /* BlinkFiles.h */ = {isa = PBXFileReference; lastKnownFileType = sourcecode.c.h; path = BlinkFiles.h; sourceTree = "<group>"; };
		07FABBB225C9AECF00E1CC2C /* Info.plist */ = {isa = PBXFileReference; lastKnownFileType = text.plist.xml; path = Info.plist; sourceTree = "<group>"; };
		07FABBB725C9AECF00E1CC2C /* BlinkFilesTests.xctest */ = {isa = PBXFileReference; explicitFileType = wrapper.cfbundle; includeInIndex = 0; path = BlinkFilesTests.xctest; sourceTree = BUILT_PRODUCTS_DIR; };
		07FABBBE25C9AECF00E1CC2C /* BlinkFilesTests.swift */ = {isa = PBXFileReference; lastKnownFileType = sourcecode.swift; path = BlinkFilesTests.swift; sourceTree = "<group>"; };
		07FABBC025C9AECF00E1CC2C /* Info.plist */ = {isa = PBXFileReference; lastKnownFileType = text.plist.xml; path = Info.plist; sourceTree = "<group>"; };
		07FABBD125C9AF5F00E1CC2C /* SSHUtils.swift */ = {isa = PBXFileReference; fileEncoding = 4; lastKnownFileType = sourcecode.swift; path = SSHUtils.swift; sourceTree = "<group>"; };
		07FABBD225C9AF5F00E1CC2C /* SSHError.swift */ = {isa = PBXFileReference; fileEncoding = 4; lastKnownFileType = sourcecode.swift; path = SSHError.swift; sourceTree = "<group>"; };
		07FABBD325C9AF5F00E1CC2C /* SSHClient.swift */ = {isa = PBXFileReference; fileEncoding = 4; lastKnownFileType = sourcecode.swift; path = SSHClient.swift; sourceTree = "<group>"; };
		07FABBD425C9AF5F00E1CC2C /* Publishers.swift */ = {isa = PBXFileReference; fileEncoding = 4; lastKnownFileType = sourcecode.swift; path = Publishers.swift; sourceTree = "<group>"; };
		07FABBD525C9AF5F00E1CC2C /* Streams.swift */ = {isa = PBXFileReference; fileEncoding = 4; lastKnownFileType = sourcecode.swift; path = Streams.swift; sourceTree = "<group>"; };
		07FABBD625C9AF5F00E1CC2C /* SFTP.swift */ = {isa = PBXFileReference; fileEncoding = 4; lastKnownFileType = sourcecode.swift; path = SFTP.swift; sourceTree = "<group>"; };
		07FABBD725C9AF5F00E1CC2C /* DispatchStreams.swift */ = {isa = PBXFileReference; fileEncoding = 4; lastKnownFileType = sourcecode.swift; path = DispatchStreams.swift; sourceTree = "<group>"; };
		07FABBD825C9AF5F00E1CC2C /* SCP.swift */ = {isa = PBXFileReference; fileEncoding = 4; lastKnownFileType = sourcecode.swift; path = SCP.swift; sourceTree = "<group>"; };
		07FABBD925C9AF5F00E1CC2C /* SSHClient+KnownHostsHelpers.swift */ = {isa = PBXFileReference; fileEncoding = 4; lastKnownFileType = sourcecode.swift; path = "SSHClient+KnownHostsHelpers.swift"; sourceTree = "<group>"; };
		07FABBDA25C9AF5F00E1CC2C /* AuthMethods.swift */ = {isa = PBXFileReference; fileEncoding = 4; lastKnownFileType = sourcecode.swift; path = AuthMethods.swift; sourceTree = "<group>"; };
		07FABBDB25C9AF5F00E1CC2C /* SSHPortForward.swift */ = {isa = PBXFileReference; fileEncoding = 4; lastKnownFileType = sourcecode.swift; path = SSHPortForward.swift; sourceTree = "<group>"; };
		07FABBEC25C9AF7A00E1CC2C /* PublishersTests.swift */ = {isa = PBXFileReference; fileEncoding = 4; lastKnownFileType = sourcecode.swift; path = PublishersTests.swift; sourceTree = "<group>"; };
		07FABBED25C9AF7A00E1CC2C /* SCPTests.swift */ = {isa = PBXFileReference; fileEncoding = 4; lastKnownFileType = sourcecode.swift; path = SCPTests.swift; sourceTree = "<group>"; };
		07FABBEE25C9AF7A00E1CC2C /* StreamsTests.swift */ = {isa = PBXFileReference; fileEncoding = 4; lastKnownFileType = sourcecode.swift; path = StreamsTests.swift; sourceTree = "<group>"; };
		07FABBEF25C9AF7A00E1CC2C /* Credentials.swift */ = {isa = PBXFileReference; fileEncoding = 4; lastKnownFileType = sourcecode.swift; path = Credentials.swift; sourceTree = "<group>"; };
		07FABBF025C9AF7A00E1CC2C /* SFTPTests.swift */ = {isa = PBXFileReference; fileEncoding = 4; lastKnownFileType = sourcecode.swift; path = SFTPTests.swift; sourceTree = "<group>"; };
		07FABBF125C9AF7A00E1CC2C /* SSHErrorTests.swift */ = {isa = PBXFileReference; fileEncoding = 4; lastKnownFileType = sourcecode.swift; path = SSHErrorTests.swift; sourceTree = "<group>"; };
		07FABBF225C9AF7A00E1CC2C /* AuthTests.swift */ = {isa = PBXFileReference; fileEncoding = 4; lastKnownFileType = sourcecode.swift; path = AuthTests.swift; sourceTree = "<group>"; };
		07FABBF325C9AF7A00E1CC2C /* SSHPortForwardTests.swift */ = {isa = PBXFileReference; fileEncoding = 4; lastKnownFileType = sourcecode.swift; path = SSHPortForwardTests.swift; sourceTree = "<group>"; };
		07FABC0625C9AF8600E1CC2C /* LocalFiles.swift */ = {isa = PBXFileReference; fileEncoding = 4; lastKnownFileType = sourcecode.swift; path = LocalFiles.swift; sourceTree = "<group>"; };
		07FABC0725C9AF8600E1CC2C /* BlinkFiles+Extensions.swift */ = {isa = PBXFileReference; fileEncoding = 4; lastKnownFileType = sourcecode.swift; path = "BlinkFiles+Extensions.swift"; sourceTree = "<group>"; };
		07FABC0825C9AF8600E1CC2C /* BlinkFiles.swift */ = {isa = PBXFileReference; fileEncoding = 4; lastKnownFileType = sourcecode.swift; path = BlinkFiles.swift; sourceTree = "<group>"; };
		07FABC0925C9AF8600E1CC2C /* CopyFiles.swift */ = {isa = PBXFileReference; fileEncoding = 4; lastKnownFileType = sourcecode.swift; path = CopyFiles.swift; sourceTree = "<group>"; };
		07FABC1325C9AF8F00E1CC2C /* LocalFilesTests.swift */ = {isa = PBXFileReference; fileEncoding = 4; lastKnownFileType = sourcecode.swift; path = LocalFilesTests.swift; sourceTree = "<group>"; };
		07FABC1425C9AF8F00E1CC2C /* CopyFilesTests.swift */ = {isa = PBXFileReference; fileEncoding = 4; lastKnownFileType = sourcecode.swift; path = CopyFilesTests.swift; sourceTree = "<group>"; };
		07FABC2125C9AFC400E1CC2C /* String+Extension.swift */ = {isa = PBXFileReference; fileEncoding = 4; lastKnownFileType = sourcecode.swift; path = "String+Extension.swift"; sourceTree = "<group>"; };
		85A34303200A837A009324F1 /* webfontloader.js */ = {isa = PBXFileReference; fileEncoding = 4; lastKnownFileType = sourcecode.javascript; path = webfontloader.js; sourceTree = "<group>"; };
		85A34308200A8FAF009324F1 /* term.css */ = {isa = PBXFileReference; fileEncoding = 4; lastKnownFileType = text.css; path = term.css; sourceTree = "<group>"; };
		A9673E5C2DF1D52800991BBF /* template_setup.xcconfig */ = {isa = PBXFileReference; lastKnownFileType = text.xcconfig; path = template_setup.xcconfig; sourceTree = "<group>"; };
		B700AED71DD0F2C200100EBF /* CloudKit.framework */ = {isa = PBXFileReference; lastKnownFileType = wrapper.framework; name = CloudKit.framework; path = System/Library/Frameworks/CloudKit.framework; sourceTree = SDKROOT; };
		BD7810A42640C36100114700 /* NWConnection+WriterTo.swift */ = {isa = PBXFileReference; lastKnownFileType = sourcecode.swift; path = "NWConnection+WriterTo.swift"; sourceTree = "<group>"; };
		BD8BBFAF25F947710084705F /* Keys.swift */ = {isa = PBXFileReference; lastKnownFileType = sourcecode.swift; path = Keys.swift; sourceTree = "<group>"; };
		BD8BBFF426001B020084705F /* AgentConstraints.swift */ = {isa = PBXFileReference; fileEncoding = 4; lastKnownFileType = sourcecode.swift; path = AgentConstraints.swift; sourceTree = "<group>"; };
		BD8D891D25DC428300E55D9E /* Agent.swift */ = {isa = PBXFileReference; fileEncoding = 4; lastKnownFileType = sourcecode.swift; path = Agent.swift; sourceTree = "<group>"; };
		BD8D892125DC428300E55D9E /* SSHKeys.swift */ = {isa = PBXFileReference; fileEncoding = 4; lastKnownFileType = sourcecode.swift; path = SSHKeys.swift; sourceTree = "<group>"; };
		BD8D893025DC429500E55D9E /* AgentTests.swift */ = {isa = PBXFileReference; fileEncoding = 4; lastKnownFileType = sourcecode.swift; path = AgentTests.swift; sourceTree = "<group>"; };
		BD8D893125DC429500E55D9E /* SSHKeysTests.swift */ = {isa = PBXFileReference; fileEncoding = 4; lastKnownFileType = sourcecode.swift; path = SSHKeysTests.swift; sourceTree = "<group>"; };
		BD8D896E25DC534F00E55D9E /* id_ecdsa */ = {isa = PBXFileReference; fileEncoding = 4; lastKnownFileType = text; path = id_ecdsa; sourceTree = "<group>"; };
		BD8D896F25DC534F00E55D9E /* user_key */ = {isa = PBXFileReference; fileEncoding = 4; lastKnownFileType = text; path = user_key; sourceTree = "<group>"; };
		BD8D897025DC534F00E55D9E /* id_ecdsa.pub */ = {isa = PBXFileReference; fileEncoding = 4; lastKnownFileType = text; path = id_ecdsa.pub; sourceTree = "<group>"; };
		BD8D897125DC534F00E55D9E /* user_key-cert.pub */ = {isa = PBXFileReference; fileEncoding = 4; lastKnownFileType = text; path = "user_key-cert.pub"; sourceTree = "<group>"; };
		BD9BF7E3262A6B0300B02074 /* SOCKS.swift */ = {isa = PBXFileReference; fileEncoding = 4; lastKnownFileType = sourcecode.swift; path = SOCKS.swift; sourceTree = "<group>"; };
		BD9BF7E8262A6B0F00B02074 /* SOCKSTests.swift */ = {isa = PBXFileReference; fileEncoding = 4; lastKnownFileType = sourcecode.swift; path = SOCKSTests.swift; sourceTree = "<group>"; };
		BDB72CB127A9C08500DCC446 /* StoreKit.framework */ = {isa = PBXFileReference; lastKnownFileType = wrapper.framework; name = StoreKit.framework; path = System/Library/Frameworks/StoreKit.framework; sourceTree = SDKROOT; };
		BDD6D14627594E8700E76F1F /* SSHClientConfig.swift */ = {isa = PBXFileReference; fileEncoding = 4; lastKnownFileType = sourcecode.swift; path = SSHClientConfig.swift; sourceTree = "<group>"; };
		BDE84C3B2BAE335100457391 /* vim */ = {isa = PBXFileReference; lastKnownFileType = folder; path = vim; sourceTree = "<group>"; };
		BDEEE36B2B8951D3003003FD /* get_frameworks.sh */ = {isa = PBXFileReference; fileEncoding = 4; lastKnownFileType = text.script.sh; path = get_frameworks.sh; sourceTree = "<group>"; };
		C944375F1D831CD30096F84E /* Themes */ = {isa = PBXFileReference; lastKnownFileType = folder; path = Themes; sourceTree = "<group>"; };
		C94437641D838ABF0096F84E /* Fonts */ = {isa = PBXFileReference; lastKnownFileType = folder; path = Fonts; sourceTree = "<group>"; };
		D209465B204D3FC5003C4F72 /* cacert.pem */ = {isa = PBXFileReference; fileEncoding = 4; lastKnownFileType = text; path = cacert.pem; sourceTree = "<group>"; };
		D218068725CC277900B98902 /* AppKitBridge.bundle */ = {isa = PBXFileReference; explicitFileType = wrapper.cfbundle; includeInIndex = 0; path = AppKitBridge.bundle; sourceTree = BUILT_PRODUCTS_DIR; };
		D218068925CC277900B98902 /* Info.plist */ = {isa = PBXFileReference; lastKnownFileType = text.plist.xml; path = Info.plist; sourceTree = "<group>"; };
		D218069325CC27AC00B98902 /* AppBridge.h */ = {isa = PBXFileReference; lastKnownFileType = sourcecode.c.h; path = AppBridge.h; sourceTree = "<group>"; };
		D218069425CC27AC00B98902 /* AppBridge.m */ = {isa = PBXFileReference; lastKnownFileType = sourcecode.c.objc; path = AppBridge.m; sourceTree = "<group>"; };
		D21A3FC621943BE200269705 /* dark-settings-ipad-29pt.png */ = {isa = PBXFileReference; lastKnownFileType = image.png; path = "dark-settings-ipad-29pt.png"; sourceTree = "<group>"; };
		D21A3FC721943BE200269705 /* dark-notification-ipad-20pt.png */ = {isa = PBXFileReference; lastKnownFileType = image.png; path = "dark-notification-ipad-20pt.png"; sourceTree = "<group>"; };
		D21A3FC821943BE200269705 /* dark-settings-iphone-29pt@3x.png */ = {isa = PBXFileReference; lastKnownFileType = image.png; path = "dark-settings-iphone-29pt@3x.png"; sourceTree = "<group>"; };
		D21A3FC921943BE200269705 /* dark-app-iphone-60pt@2x.png */ = {isa = PBXFileReference; lastKnownFileType = image.png; path = "dark-app-iphone-60pt@2x.png"; sourceTree = "<group>"; };
		D21A3FCA21943BE200269705 /* dark-settings-ipad-29pt@2x.png */ = {isa = PBXFileReference; lastKnownFileType = image.png; path = "dark-settings-ipad-29pt@2x.png"; sourceTree = "<group>"; };
		D21A3FCB21943BE200269705 /* dark-app-iphone-60pt@3x.png */ = {isa = PBXFileReference; lastKnownFileType = image.png; path = "dark-app-iphone-60pt@3x.png"; sourceTree = "<group>"; };
		D21A3FCC21943BE200269705 /* dark-settings-iphone-29pt@2x.png */ = {isa = PBXFileReference; lastKnownFileType = image.png; path = "dark-settings-iphone-29pt@2x.png"; sourceTree = "<group>"; };
		D21A3FCD21943BE200269705 /* dark-app-ipad-76pt.png */ = {isa = PBXFileReference; lastKnownFileType = image.png; path = "dark-app-ipad-76pt.png"; sourceTree = "<group>"; };
		D21A3FCE21943BE200269705 /* dark-app-ipad-pro-83.5pt@2x.png */ = {isa = PBXFileReference; lastKnownFileType = image.png; path = "dark-app-ipad-pro-83.5pt@2x.png"; sourceTree = "<group>"; };
		D21A3FCF21943BE200269705 /* dark-notification-iphone-20pt@3x.png */ = {isa = PBXFileReference; lastKnownFileType = image.png; path = "dark-notification-iphone-20pt@3x.png"; sourceTree = "<group>"; };
		D21A3FD021943BE200269705 /* dark-notification-iphone-20pt@2x.png */ = {isa = PBXFileReference; lastKnownFileType = image.png; path = "dark-notification-iphone-20pt@2x.png"; sourceTree = "<group>"; };
		D21A3FD121943BE200269705 /* dark-spotlight-ipad-40pt.png */ = {isa = PBXFileReference; lastKnownFileType = image.png; path = "dark-spotlight-ipad-40pt.png"; sourceTree = "<group>"; };
		D21A3FD221943BE200269705 /* dark-notification-ipad-20pt@2x.png */ = {isa = PBXFileReference; lastKnownFileType = image.png; path = "dark-notification-ipad-20pt@2x.png"; sourceTree = "<group>"; };
		D21A3FD321943BE200269705 /* dark-spotlight-ipad-40pt@2x.png */ = {isa = PBXFileReference; lastKnownFileType = image.png; path = "dark-spotlight-ipad-40pt@2x.png"; sourceTree = "<group>"; };
		D21A3FD421943BE200269705 /* dark-spotlight-iphone-40pt@2x.png */ = {isa = PBXFileReference; lastKnownFileType = image.png; path = "dark-spotlight-iphone-40pt@2x.png"; sourceTree = "<group>"; };
		D21A3FD521943BE200269705 /* dark-spotlight-iphone-40pt@3x.png */ = {isa = PBXFileReference; lastKnownFileType = image.png; path = "dark-spotlight-iphone-40pt@3x.png"; sourceTree = "<group>"; };
		D21A3FD621943BE200269705 /* dark-app-ipad-76pt@2x.png */ = {isa = PBXFileReference; lastKnownFileType = image.png; path = "dark-app-ipad-76pt@2x.png"; sourceTree = "<group>"; };
		D2334EC425C1C04700385378 /* LibSSH.xcframework */ = {isa = PBXFileReference; lastKnownFileType = wrapper.xcframework; name = LibSSH.xcframework; path = xcfs/.build/artifacts/xcfs/LibSSH/LibSSH.xcframework; sourceTree = SOURCE_ROOT; };
		D2334EC525C1C04700385378 /* mosh.xcframework */ = {isa = PBXFileReference; lastKnownFileType = wrapper.xcframework; name = mosh.xcframework; path = xcfs/.build/artifacts/xcfs/mosh/mosh.xcframework; sourceTree = SOURCE_ROOT; };
		D2334EC625C1C04700385378 /* network_ios.xcframework */ = {isa = PBXFileReference; lastKnownFileType = wrapper.xcframework; name = network_ios.xcframework; path = xcfs/.build/artifacts/xcfs/network_ios/network_ios.xcframework; sourceTree = SOURCE_ROOT; };
		D2334EC925C1C04700385378 /* shell.xcframework */ = {isa = PBXFileReference; lastKnownFileType = wrapper.xcframework; name = shell.xcframework; path = xcfs/.build/artifacts/xcfs/shell/shell.xcframework; sourceTree = SOURCE_ROOT; };
		D2334F0A25C1C3A000385378 /* OpenSSH.xcframework */ = {isa = PBXFileReference; lastKnownFileType = wrapper.xcframework; name = OpenSSH.xcframework; path = xcfs/.build/artifacts/xcfs/OpenSSH/OpenSSH.xcframework; sourceTree = SOURCE_ROOT; };
		D248EC542689EAD7009FD817 /* SSHConfig */ = {isa = PBXFileReference; lastKnownFileType = text; name = SSHConfig; path = xcfs/.build/checkouts/SSHConfig; sourceTree = SOURCE_ROOT; };
		D2496F3B20038B3300E75FE9 /* hterm_all.min.js */ = {isa = PBXFileReference; fileEncoding = 4; lastKnownFileType = sourcecode.javascript; path = hterm_all.min.js; sourceTree = "<group>"; };
		D2496F402003941B00E75FE9 /* term.js */ = {isa = PBXFileReference; fileEncoding = 4; lastKnownFileType = sourcecode.javascript; path = term.js; sourceTree = "<group>"; };
		D266A9D627295ECE00C85EED /* blink-uio.min.js */ = {isa = PBXFileReference; fileEncoding = 4; lastKnownFileType = sourcecode.javascript; path = "blink-uio.min.js"; sourceTree = "<group>"; };
		D2771510287F0EA200D31F4E /* libbuild_cli.a */ = {isa = PBXFileReference; lastKnownFileType = archive.ar; path = libbuild_cli.a; sourceTree = "<group>"; };
		D27D01232615F1BD00128C23 /* developer_setup.xcconfig */ = {isa = PBXFileReference; fileEncoding = 4; lastKnownFileType = text.xcconfig; path = developer_setup.xcconfig; sourceTree = "<group>"; };
		D28DB3AB210B110B008A1139 /* libcompression.tbd */ = {isa = PBXFileReference; lastKnownFileType = "sourcecode.text-based-dylib-definition"; name = libcompression.tbd; path = usr/lib/libcompression.tbd; sourceTree = SDKROOT; };
		D29392B62004D785001FB2AA /* hterm_all.patches.js */ = {isa = PBXFileReference; fileEncoding = 4; lastKnownFileType = sourcecode.javascript; path = hterm_all.patches.js; sourceTree = "<group>"; };
		D29FE548208DC860004679D0 /* commandDictionary.plist */ = {isa = PBXFileReference; fileEncoding = 4; lastKnownFileType = text.plist.xml; path = commandDictionary.plist; sourceTree = "<group>"; };
		D29FE549208DC860004679D0 /* extraCommandsDictionary.plist */ = {isa = PBXFileReference; fileEncoding = 4; lastKnownFileType = text.plist.xml; path = extraCommandsDictionary.plist; sourceTree = "<group>"; };
		D2BB5E122A1F718300BB0520 /* app-font-bold.ttf */ = {isa = PBXFileReference; lastKnownFileType = file; path = "app-font-bold.ttf"; sourceTree = "<group>"; };
		D2BB5E132A1F718300BB0520 /* app-font-regular.ttf */ = {isa = PBXFileReference; lastKnownFileType = file; path = "app-font-regular.ttf"; sourceTree = "<group>"; };
		D2BF5F6B2659522C0070F839 /* Intents.framework */ = {isa = PBXFileReference; lastKnownFileType = wrapper.framework; name = Intents.framework; path = System/Library/Frameworks/Intents.framework; sourceTree = SDKROOT; };
		D2C21F3220FCD6CD00F125E0 /* blinkCommandsDictionary.plist */ = {isa = PBXFileReference; lastKnownFileType = text.plist.xml; path = blinkCommandsDictionary.plist; sourceTree = "<group>"; };
		D2DE0DCD260323F400A69B6F /* id_ed25519-passphrase */ = {isa = PBXFileReference; fileEncoding = 4; lastKnownFileType = text; path = "id_ed25519-passphrase"; sourceTree = "<group>"; };
		D2DE0DCE260323F400A69B6F /* id_ed25519-passphrase.pub */ = {isa = PBXFileReference; fileEncoding = 4; lastKnownFileType = text; path = "id_ed25519-passphrase.pub"; sourceTree = "<group>"; };
		D2EC7B4B25DBC922008B6B3C /* XCTestCase.swift */ = {isa = PBXFileReference; lastKnownFileType = sourcecode.swift; path = XCTestCase.swift; sourceTree = "<group>"; };
		D2F30EAC205009CD008C5F35 /* base64js.min.js */ = {isa = PBXFileReference; fileEncoding = 4; lastKnownFileType = sourcecode.javascript; path = base64js.min.js; sourceTree = "<group>"; };
		D2F64C9425CA99AD00F2225D /* openssl.xcframework */ = {isa = PBXFileReference; lastKnownFileType = wrapper.xcframework; name = openssl.xcframework; path = xcfs/.build/artifacts/xcfs/openssl/openssl.xcframework; sourceTree = SOURCE_ROOT; };
		D2F64C9525CA99AD00F2225D /* libssh2.xcframework */ = {isa = PBXFileReference; lastKnownFileType = wrapper.xcframework; name = libssh2.xcframework; path = xcfs/.build/artifacts/xcfs/libssh2/libssh2.xcframework; sourceTree = SOURCE_ROOT; };
/* End PBXFileReference section */

/* Begin PBXFrameworksBuildPhase section */
		07FABB8125C9AEC000E1CC2C /* Frameworks */ = {
			isa = PBXFrameworksBuildPhase;
			buildActionMask = 2147483647;
			files = (
				D218072725CD499C00B98902 /* LibSSH.xcframework in Frameworks */,
				D2C3AB792A498CEB003A1BFA /* libz.tbd in Frameworks */,
				07FABC4825C9B08100E1CC2C /* BlinkFiles.framework in Frameworks */,
				BD8D894F25DC528A00E55D9E /* OpenSSH.xcframework in Frameworks */,
				D218073825CD4AF400B98902 /* openssl.xcframework in Frameworks */,
			);
			runOnlyForDeploymentPostprocessing = 0;
		};
		07FABB8925C9AEC100E1CC2C /* Frameworks */ = {
			isa = PBXFrameworksBuildPhase;
			buildActionMask = 2147483647;
			files = (
				BD11E9E6270CD0FD003EA5AE /* openssl.xcframework in Frameworks */,
				07FDDC5625C9B28200A40529 /* LibSSH.xcframework in Frameworks */,
				07FABB8D25C9AEC100E1CC2C /* SSH.framework in Frameworks */,
				D2C3AB7A2A498CEB003A1BFA /* libz.tbd in Frameworks */,
			);
			runOnlyForDeploymentPostprocessing = 0;
		};
		07FABBAC25C9AECF00E1CC2C /* Frameworks */ = {
			isa = PBXFrameworksBuildPhase;
			buildActionMask = 2147483647;
			files = (
			);
			runOnlyForDeploymentPostprocessing = 0;
		};
		07FABBB425C9AECF00E1CC2C /* Frameworks */ = {
			isa = PBXFrameworksBuildPhase;
			buildActionMask = 2147483647;
			files = (
				07FABBB825C9AECF00E1CC2C /* BlinkFiles.framework in Frameworks */,
			);
			runOnlyForDeploymentPostprocessing = 0;
		};
		D218068425CC277900B98902 /* Frameworks */ = {
			isa = PBXFrameworksBuildPhase;
			buildActionMask = 2147483647;
			files = (
			);
			runOnlyForDeploymentPostprocessing = 0;
		};
/* End PBXFrameworksBuildPhase section */

/* Begin PBXGroup section */
		0732F0481D062B9A00AB5438 /* Resources */ = {
			isa = PBXGroup;
			children = (
				D2E670112A2DB83200DEC4ED /* AppFont */,
				D21A3FC521943BE200269705 /* DarkAppIcon */,
				D29FE548208DC860004679D0 /* commandDictionary.plist */,
				D2C21F3220FCD6CD00F125E0 /* blinkCommandsDictionary.plist */,
				D29FE549208DC860004679D0 /* extraCommandsDictionary.plist */,
				D209465B204D3FC5003C4F72 /* cacert.pem */,
				D2F30EAC205009CD008C5F35 /* base64js.min.js */,
				D266A9D627295ECE00C85EED /* blink-uio.min.js */,
				85A34303200A837A009324F1 /* webfontloader.js */,
				0732F04B1D062B9A00AB5438 /* term.html */,
				D2496F402003941B00E75FE9 /* term.js */,
				85A34308200A8FAF009324F1 /* term.css */,
				D2496F3B20038B3300E75FE9 /* hterm_all.min.js */,
				D29392B62004D785001FB2AA /* hterm_all.patches.js */,
				BDE84C3B2BAE335100457391 /* vim */,
				C94437641D838ABF0096F84E /* Fonts */,
				C944375F1D831CD30096F84E /* Themes */,
				0732F04A1D062B9A00AB5438 /* locales.bundle */,
			);
			path = Resources;
			sourceTree = "<group>";
		};
		0732F04F1D062BB300AB5438 /* Frameworks */ = {
			isa = PBXGroup;
			children = (
				D2771510287F0EA200D31F4E /* libbuild_cli.a */,
				BDB72CB127A9C08500DCC446 /* StoreKit.framework */,
				D248EC542689EAD7009FD817 /* SSHConfig */,
				D2334F0A25C1C3A000385378 /* OpenSSH.xcframework */,
				D2334EC425C1C04700385378 /* LibSSH.xcframework */,
				D2334EC525C1C04700385378 /* mosh.xcframework */,
				D2334EC625C1C04700385378 /* network_ios.xcframework */,
				D2334EC925C1C04700385378 /* shell.xcframework */,
				D2F64C9525CA99AD00F2225D /* libssh2.xcframework */,
				D2F64C9425CA99AD00F2225D /* openssl.xcframework */,
				D28DB3AB210B110B008A1139 /* libcompression.tbd */,
				B700AED71DD0F2C200100EBF /* CloudKit.framework */,
				0732F1281D06324200AB5438 /* libcurses.tbd */,
				0732F1261D06323A00AB5438 /* libz.tbd */,
				0732F1051D062BF700AB5438 /* MBProgressHUD.xcodeproj */,
				D2BF5F6B2659522C0070F839 /* Intents.framework */,
			);
			path = Frameworks;
			sourceTree = "<group>";
		};
		0732F1061D062BF700AB5438 /* Products */ = {
			isa = PBXGroup;
			children = (
				0732F10B1D062BF700AB5438 /* libMBProgressHUD.a */,
				0732F10D1D062BF700AB5438 /* MBProgressHUD.framework */,
				D2A3F4DD206909A8006BB305 /* MBProgressHUD.framework */,
			);
			name = Products;
			sourceTree = "<group>";
		};
		07FABB8525C9AEC000E1CC2C /* SSH */ = {
			isa = PBXGroup;
			children = (
				BD8D891D25DC428300E55D9E /* Agent.swift */,
				BD8BBFF426001B020084705F /* AgentConstraints.swift */,
				07FABBDA25C9AF5F00E1CC2C /* AuthMethods.swift */,
				07FABBD725C9AF5F00E1CC2C /* DispatchStreams.swift */,
				BD8BBFAF25F947710084705F /* Keys.swift */,
				BD7810A42640C36100114700 /* NWConnection+WriterTo.swift */,
				07FABBD425C9AF5F00E1CC2C /* Publishers.swift */,
				07FABBD825C9AF5F00E1CC2C /* SCP.swift */,
				07FABBD625C9AF5F00E1CC2C /* SFTP.swift */,
				BD9BF7E3262A6B0300B02074 /* SOCKS.swift */,
				07FABBD325C9AF5F00E1CC2C /* SSHClient.swift */,
				07FABBD925C9AF5F00E1CC2C /* SSHClient+KnownHostsHelpers.swift */,
				BDD6D14627594E8700E76F1F /* SSHClientConfig.swift */,
				07FABBD225C9AF5F00E1CC2C /* SSHError.swift */,
				BD8D892125DC428300E55D9E /* SSHKeys.swift */,
				07FABBDB25C9AF5F00E1CC2C /* SSHPortForward.swift */,
				07FABBD125C9AF5F00E1CC2C /* SSHUtils.swift */,
				07FABBD525C9AF5F00E1CC2C /* Streams.swift */,
				07FABC2125C9AFC400E1CC2C /* String+Extension.swift */,
				07FABB8625C9AEC000E1CC2C /* SSH.h */,
				07FABB8725C9AEC000E1CC2C /* Info.plist */,
			);
			path = SSH;
			sourceTree = "<group>";
		};
		07FABB9225C9AEC100E1CC2C /* SSHTests */ = {
			isa = PBXGroup;
			children = (
				BD8D898025DC535600E55D9E /* keys */,
				BD8D893025DC429500E55D9E /* AgentTests.swift */,
				07FABBF225C9AF7A00E1CC2C /* AuthTests.swift */,
				07FABBEF25C9AF7A00E1CC2C /* Credentials.swift */,
				BD8D893125DC429500E55D9E /* SSHKeysTests.swift */,
				07FABBEC25C9AF7A00E1CC2C /* PublishersTests.swift */,
				07FABBED25C9AF7A00E1CC2C /* SCPTests.swift */,
				07FABBF025C9AF7A00E1CC2C /* SFTPTests.swift */,
				BD9BF7E8262A6B0F00B02074 /* SOCKSTests.swift */,
				07FABBF125C9AF7A00E1CC2C /* SSHErrorTests.swift */,
				07FABBF325C9AF7A00E1CC2C /* SSHPortForwardTests.swift */,
				07FABBEE25C9AF7A00E1CC2C /* StreamsTests.swift */,
				07FABB9325C9AEC100E1CC2C /* SSHTests.swift */,
				07FABB9525C9AEC100E1CC2C /* Info.plist */,
				D2EC7B4B25DBC922008B6B3C /* XCTestCase.swift */,
			);
			path = SSHTests;
			sourceTree = "<group>";
		};
		07FABBB025C9AECF00E1CC2C /* BlinkFiles */ = {
			isa = PBXGroup;
			children = (
				07FABC0825C9AF8600E1CC2C /* BlinkFiles.swift */,
				07FABC0725C9AF8600E1CC2C /* BlinkFiles+Extensions.swift */,
				07FABC0925C9AF8600E1CC2C /* CopyFiles.swift */,
				07FABC0625C9AF8600E1CC2C /* LocalFiles.swift */,
				07FABBB125C9AECF00E1CC2C /* BlinkFiles.h */,
				07FABBB225C9AECF00E1CC2C /* Info.plist */,
			);
			path = BlinkFiles;
			sourceTree = "<group>";
		};
		07FABBBD25C9AECF00E1CC2C /* BlinkFilesTests */ = {
			isa = PBXGroup;
			children = (
				07FABC1425C9AF8F00E1CC2C /* CopyFilesTests.swift */,
				07FABC1325C9AF8F00E1CC2C /* LocalFilesTests.swift */,
				07FABBBE25C9AECF00E1CC2C /* BlinkFilesTests.swift */,
				07FABBC025C9AECF00E1CC2C /* Info.plist */,
			);
			path = BlinkFilesTests;
			sourceTree = "<group>";
		};
		BD8D898025DC535600E55D9E /* keys */ = {
			isa = PBXGroup;
			children = (
				D2DE0DCD260323F400A69B6F /* id_ed25519-passphrase */,
				D2DE0DCE260323F400A69B6F /* id_ed25519-passphrase.pub */,
				BD8D896E25DC534F00E55D9E /* id_ecdsa */,
				BD8D897025DC534F00E55D9E /* id_ecdsa.pub */,
				BD8D896F25DC534F00E55D9E /* user_key */,
				BD8D897125DC534F00E55D9E /* user_key-cert.pub */,
			);
			name = keys;
			sourceTree = "<group>";
		};
		D218068825CC277900B98902 /* AppKitBridge */ = {
			isa = PBXGroup;
			children = (
				D218068925CC277900B98902 /* Info.plist */,
				D218069325CC27AC00B98902 /* AppBridge.h */,
				D218069425CC27AC00B98902 /* AppBridge.m */,
			);
			path = AppKitBridge;
			sourceTree = "<group>";
		};
		D21A3FC521943BE200269705 /* DarkAppIcon */ = {
			isa = PBXGroup;
			children = (
				D21A3FC621943BE200269705 /* dark-settings-ipad-29pt.png */,
				D21A3FC721943BE200269705 /* dark-notification-ipad-20pt.png */,
				D21A3FC821943BE200269705 /* dark-settings-iphone-29pt@3x.png */,
				D21A3FC921943BE200269705 /* dark-app-iphone-60pt@2x.png */,
				D21A3FCA21943BE200269705 /* dark-settings-ipad-29pt@2x.png */,
				D21A3FCB21943BE200269705 /* dark-app-iphone-60pt@3x.png */,
				D21A3FCC21943BE200269705 /* dark-settings-iphone-29pt@2x.png */,
				D21A3FCD21943BE200269705 /* dark-app-ipad-76pt.png */,
				D21A3FCE21943BE200269705 /* dark-app-ipad-pro-83.5pt@2x.png */,
				D21A3FCF21943BE200269705 /* dark-notification-iphone-20pt@3x.png */,
				D21A3FD021943BE200269705 /* dark-notification-iphone-20pt@2x.png */,
				D21A3FD121943BE200269705 /* dark-spotlight-ipad-40pt.png */,
				D21A3FD221943BE200269705 /* dark-notification-ipad-20pt@2x.png */,
				D21A3FD321943BE200269705 /* dark-spotlight-ipad-40pt@2x.png */,
				D21A3FD421943BE200269705 /* dark-spotlight-iphone-40pt@2x.png */,
				D21A3FD521943BE200269705 /* dark-spotlight-iphone-40pt@3x.png */,
				D21A3FD621943BE200269705 /* dark-app-ipad-76pt@2x.png */,
			);
			path = DarkAppIcon;
			sourceTree = SOURCE_ROOT;
		};
		D2E670112A2DB83200DEC4ED /* AppFont */ = {
			isa = PBXGroup;
			children = (
				D2BB5E122A1F718300BB0520 /* app-font-bold.ttf */,
				D2BB5E132A1F718300BB0520 /* app-font-regular.ttf */,
			);
			path = AppFont;
			sourceTree = "<group>";
		};
		EA0BA1821C0CC57B00719C1A = {
			isa = PBXGroup;
			children = (
				BDEEE36B2B8951D3003003FD /* get_frameworks.sh */,
				A9673E5C2DF1D52800991BBF /* template_setup.xcconfig */,
				D27D01232615F1BD00128C23 /* developer_setup.xcconfig */,
				07FABB8525C9AEC000E1CC2C /* SSH */,
				07FABB9225C9AEC100E1CC2C /* SSHTests */,
				07FABBB025C9AECF00E1CC2C /* BlinkFiles */,
				07FABBBD25C9AECF00E1CC2C /* BlinkFilesTests */,
				D218068825CC277900B98902 /* AppKitBridge */,
				0732F04F1D062BB300AB5438 /* Frameworks */,
				0732F0481D062B9A00AB5438 /* Resources */,
				074F30781D062A2800A73445 /* main.m */,
				EA0BA18C1C0CC57B00719C1A /* Products */,
			);
			indentWidth = 2;
			sourceTree = "<group>";
			tabWidth = 2;
		};
		EA0BA18C1C0CC57B00719C1A /* Products */ = {
			isa = PBXGroup;
			children = (
				07FABB8425C9AEC000E1CC2C /* SSH.framework */,
				07FABB8C25C9AEC100E1CC2C /* SSHTests.xctest */,
				07FABBAF25C9AECF00E1CC2C /* BlinkFiles.framework */,
				07FABBB725C9AECF00E1CC2C /* BlinkFilesTests.xctest */,
				D218068725CC277900B98902 /* AppKitBridge.bundle */,
			);
			name = Products;
			sourceTree = "<group>";
		};
/* End PBXGroup section */

/* Begin PBXHeadersBuildPhase section */
		07FABB7F25C9AEC000E1CC2C /* Headers */ = {
			isa = PBXHeadersBuildPhase;
			buildActionMask = 2147483647;
			files = (
				07FABB9625C9AEC100E1CC2C /* SSH.h in Headers */,
			);
			runOnlyForDeploymentPostprocessing = 0;
		};
		07FABBAA25C9AECF00E1CC2C /* Headers */ = {
			isa = PBXHeadersBuildPhase;
			buildActionMask = 2147483647;
			files = (
				07FABBC125C9AECF00E1CC2C /* BlinkFiles.h in Headers */,
			);
			runOnlyForDeploymentPostprocessing = 0;
		};
/* End PBXHeadersBuildPhase section */

/* Begin PBXNativeTarget section */
		07FABB8325C9AEC000E1CC2C /* SSH */ = {
			isa = PBXNativeTarget;
			buildConfigurationList = 07FABBA525C9AEC100E1CC2C /* Build configuration list for PBXNativeTarget "SSH" */;
			buildPhases = (
				07FABB7F25C9AEC000E1CC2C /* Headers */,
				07FABB8025C9AEC000E1CC2C /* Sources */,
				07FABB8125C9AEC000E1CC2C /* Frameworks */,
				07FABB8225C9AEC000E1CC2C /* Resources */,
			);
			buildRules = (
			);
			dependencies = (
				07FABC4B25C9B08100E1CC2C /* PBXTargetDependency */,
			);
			name = SSH;
			packageProductDependencies = (
			);
			productName = SSH;
			productReference = 07FABB8425C9AEC000E1CC2C /* SSH.framework */;
			productType = "com.apple.product-type.framework";
		};
		07FABB8B25C9AEC100E1CC2C /* SSHTests */ = {
			isa = PBXNativeTarget;
			buildConfigurationList = 07FABBA625C9AEC100E1CC2C /* Build configuration list for PBXNativeTarget "SSHTests" */;
			buildPhases = (
				07FABB8825C9AEC100E1CC2C /* Sources */,
				07FABB8925C9AEC100E1CC2C /* Frameworks */,
				07FABB8A25C9AEC100E1CC2C /* Resources */,
			);
			buildRules = (
			);
			dependencies = (
				07FABB8F25C9AEC100E1CC2C /* PBXTargetDependency */,
			);
			name = SSHTests;
			productName = SSHTests;
			productReference = 07FABB8C25C9AEC100E1CC2C /* SSHTests.xctest */;
			productType = "com.apple.product-type.bundle.unit-test";
		};
		07FABBAE25C9AECF00E1CC2C /* BlinkFiles */ = {
			isa = PBXNativeTarget;
			buildConfigurationList = 07FABBC625C9AECF00E1CC2C /* Build configuration list for PBXNativeTarget "BlinkFiles" */;
			buildPhases = (
				07FABBAA25C9AECF00E1CC2C /* Headers */,
				07FABBAB25C9AECF00E1CC2C /* Sources */,
				07FABBAC25C9AECF00E1CC2C /* Frameworks */,
				07FABBAD25C9AECF00E1CC2C /* Resources */,
			);
			buildRules = (
			);
			dependencies = (
			);
			name = BlinkFiles;
			productName = BlinkFiles;
			productReference = 07FABBAF25C9AECF00E1CC2C /* BlinkFiles.framework */;
			productType = "com.apple.product-type.framework";
		};
		07FABBB625C9AECF00E1CC2C /* BlinkFilesTests */ = {
			isa = PBXNativeTarget;
			buildConfigurationList = 07FABBC925C9AECF00E1CC2C /* Build configuration list for PBXNativeTarget "BlinkFilesTests" */;
			buildPhases = (
				07FABBB325C9AECF00E1CC2C /* Sources */,
				07FABBB425C9AECF00E1CC2C /* Frameworks */,
				07FABBB525C9AECF00E1CC2C /* Resources */,
			);
			buildRules = (
			);
			dependencies = (
				07FABBBA25C9AECF00E1CC2C /* PBXTargetDependency */,
			);
			name = BlinkFilesTests;
			productName = BlinkFilesTests;
			productReference = 07FABBB725C9AECF00E1CC2C /* BlinkFilesTests.xctest */;
			productType = "com.apple.product-type.bundle.unit-test";
		};
		D218068625CC277900B98902 /* AppKitBridge */ = {
			isa = PBXNativeTarget;
			buildConfigurationList = D218068A25CC277900B98902 /* Build configuration list for PBXNativeTarget "AppKitBridge" */;
			buildPhases = (
				D218068325CC277900B98902 /* Sources */,
				D218068425CC277900B98902 /* Frameworks */,
				D218068525CC277900B98902 /* Resources */,
			);
			buildRules = (
			);
			dependencies = (
			);
			name = AppKitBridge;
			productName = AppKitBridge;
			productReference = D218068725CC277900B98902 /* AppKitBridge.bundle */;
			productType = "com.apple.product-type.bundle";
		};
/* End PBXNativeTarget section */

/* Begin PBXProject section */
		EA0BA1831C0CC57B00719C1A /* Project object */ = {
			isa = PBXProject;
			attributes = {
				CLASSPREFIX = "";
				LastSwiftUpdateCheck = 1500;
				LastUpgradeCheck = 0920;
				ORGANIZATIONNAME = "Carlos Cabañero Projects SL";
				TargetAttributes = {
					07FABB8325C9AEC000E1CC2C = {
						CreatedOnToolsVersion = 12.4;
						LastSwiftMigration = 1240;
					};
					07FABB8B25C9AEC100E1CC2C = {
						CreatedOnToolsVersion = 12.4;
					};
					07FABBAE25C9AECF00E1CC2C = {
						CreatedOnToolsVersion = 12.4;
						LastSwiftMigration = 1240;
					};
					07FABBB625C9AECF00E1CC2C = {
						CreatedOnToolsVersion = 12.4;
						TestTargetID = EA0BA18A1C0CC57B00719C1A;
					};
					D218068625CC277900B98902 = {
						CreatedOnToolsVersion = 12.4;
					};
				};
			};
			buildConfigurationList = EA0BA1861C0CC57B00719C1A /* Build configuration list for PBXProject "Blink" */;
			compatibilityVersion = "Xcode 3.2";
			developmentRegion = en;
			hasScannedForEncodings = 0;
			knownRegions = (
				en,
				Base,
				de,
				es,
				fr,
				hr,
				hu,
				it,
				ja,
				nl,
				"pt-PT",
				pt,
				ru,
				"zh-Hans",
			);
			mainGroup = EA0BA1821C0CC57B00719C1A;
			packageReferences = (
			);
			productRefGroup = EA0BA18C1C0CC57B00719C1A /* Products */;
			projectDirPath = "";
			projectReferences = (
				{
					ProductGroup = 0732F1061D062BF700AB5438 /* Products */;
					ProjectRef = 0732F1051D062BF700AB5438 /* MBProgressHUD.xcodeproj */;
				},
			);
			projectRoot = "";
			targets = (
				07FABB8325C9AEC000E1CC2C /* SSH */,
				07FABB8B25C9AEC100E1CC2C /* SSHTests */,
				07FABBAE25C9AECF00E1CC2C /* BlinkFiles */,
				07FABBB625C9AECF00E1CC2C /* BlinkFilesTests */,
				D218068625CC277900B98902 /* AppKitBridge */,
			);
		};
/* End PBXProject section */

/* Begin PBXReferenceProxy section */
		0732F10B1D062BF700AB5438 /* libMBProgressHUD.a */ = {
			isa = PBXReferenceProxy;
			fileType = archive.ar;
			path = libMBProgressHUD.a;
			remoteRef = 0732F10A1D062BF700AB5438 /* PBXContainerItemProxy */;
			sourceTree = BUILT_PRODUCTS_DIR;
		};
		0732F10D1D062BF700AB5438 /* MBProgressHUD.framework */ = {
			isa = PBXReferenceProxy;
			fileType = wrapper.framework;
			path = MBProgressHUD.framework;
			remoteRef = 0732F10C1D062BF700AB5438 /* PBXContainerItemProxy */;
			sourceTree = BUILT_PRODUCTS_DIR;
		};
		D2A3F4DD206909A8006BB305 /* MBProgressHUD.framework */ = {
			isa = PBXReferenceProxy;
			fileType = wrapper.framework;
			path = MBProgressHUD.framework;
			remoteRef = D2A3F4DC206909A8006BB305 /* PBXContainerItemProxy */;
			sourceTree = BUILT_PRODUCTS_DIR;
		};
/* End PBXReferenceProxy section */

/* Begin PBXResourcesBuildPhase section */
		07FABB8225C9AEC000E1CC2C /* Resources */ = {
			isa = PBXResourcesBuildPhase;
			buildActionMask = 2147483647;
			files = (
			);
			runOnlyForDeploymentPostprocessing = 0;
		};
		07FABB8A25C9AEC100E1CC2C /* Resources */ = {
			isa = PBXResourcesBuildPhase;
			buildActionMask = 2147483647;
			files = (
				BD8D897525DC534F00E55D9E /* user_key-cert.pub in Resources */,
				BD8D897425DC534F00E55D9E /* id_ecdsa.pub in Resources */,
				D2DE0DD0260323F400A69B6F /* id_ed25519-passphrase.pub in Resources */,
				BD8D897225DC534F00E55D9E /* id_ecdsa in Resources */,
				D2DE0DCF260323F400A69B6F /* id_ed25519-passphrase in Resources */,
				BD8D897325DC534F00E55D9E /* user_key in Resources */,
			);
			runOnlyForDeploymentPostprocessing = 0;
		};
		07FABBAD25C9AECF00E1CC2C /* Resources */ = {
			isa = PBXResourcesBuildPhase;
			buildActionMask = 2147483647;
			files = (
			);
			runOnlyForDeploymentPostprocessing = 0;
		};
		07FABBB525C9AECF00E1CC2C /* Resources */ = {
			isa = PBXResourcesBuildPhase;
			buildActionMask = 2147483647;
			files = (
			);
			runOnlyForDeploymentPostprocessing = 0;
		};
		D218068525CC277900B98902 /* Resources */ = {
			isa = PBXResourcesBuildPhase;
			buildActionMask = 2147483647;
			files = (
			);
			runOnlyForDeploymentPostprocessing = 0;
		};
/* End PBXResourcesBuildPhase section */

/* Begin PBXSourcesBuildPhase section */
		07FABB8025C9AEC000E1CC2C /* Sources */ = {
			isa = PBXSourcesBuildPhase;
			buildActionMask = 2147483647;
			files = (
				07FABBE125C9AF5F00E1CC2C /* SFTP.swift in Sources */,
				07FABBE425C9AF5F00E1CC2C /* SSHClient+KnownHostsHelpers.swift in Sources */,
				07FABBDF25C9AF5F00E1CC2C /* Publishers.swift in Sources */,
				07FABBE625C9AF5F00E1CC2C /* SSHPortForward.swift in Sources */,
				BD7810A52640C36100114700 /* NWConnection+WriterTo.swift in Sources */,
				BD8BBFB025F947710084705F /* Keys.swift in Sources */,
				07FABC2225C9AFC500E1CC2C /* String+Extension.swift in Sources */,
				BD8D892225DC428300E55D9E /* Agent.swift in Sources */,
				07FABBE325C9AF5F00E1CC2C /* SCP.swift in Sources */,
				BD9BF7E7262A6B0300B02074 /* SOCKS.swift in Sources */,
				BD8BBFF826001B020084705F /* AgentConstraints.swift in Sources */,
				07FABBDC25C9AF5F00E1CC2C /* SSHUtils.swift in Sources */,
				07FABBDE25C9AF5F00E1CC2C /* SSHClient.swift in Sources */,
				07FABBDD25C9AF5F00E1CC2C /* SSHError.swift in Sources */,
				07FABBE225C9AF5F00E1CC2C /* DispatchStreams.swift in Sources */,
				BD8D892325DC428300E55D9E /* SSHKeys.swift in Sources */,
				07FABBE525C9AF5F00E1CC2C /* AuthMethods.swift in Sources */,
				07FABBE025C9AF5F00E1CC2C /* Streams.swift in Sources */,
				BDD6D14727594E8700E76F1F /* SSHClientConfig.swift in Sources */,
			);
			runOnlyForDeploymentPostprocessing = 0;
		};
		07FABB8825C9AEC100E1CC2C /* Sources */ = {
			isa = PBXSourcesBuildPhase;
			buildActionMask = 2147483647;
			files = (
				D2EC7B4C25DBC922008B6B3C /* XCTestCase.swift in Sources */,
				07FABBF825C9AF7A00E1CC2C /* SFTPTests.swift in Sources */,
				07FABBF425C9AF7A00E1CC2C /* PublishersTests.swift in Sources */,
				07FABBF925C9AF7A00E1CC2C /* SSHErrorTests.swift in Sources */,
				07FABBF525C9AF7A00E1CC2C /* SCPTests.swift in Sources */,
				07FABB9425C9AEC100E1CC2C /* SSHTests.swift in Sources */,
				07FABBFB25C9AF7A00E1CC2C /* SSHPortForwardTests.swift in Sources */,
				BD8D893225DC429500E55D9E /* AgentTests.swift in Sources */,
				BD8D893325DC429500E55D9E /* SSHKeysTests.swift in Sources */,
				07FABBF725C9AF7A00E1CC2C /* Credentials.swift in Sources */,
				07FABBF625C9AF7A00E1CC2C /* StreamsTests.swift in Sources */,
				07FABBFA25C9AF7A00E1CC2C /* AuthTests.swift in Sources */,
				BD9BF7E9262A6B0F00B02074 /* SOCKSTests.swift in Sources */,
			);
			runOnlyForDeploymentPostprocessing = 0;
		};
		07FABBAB25C9AECF00E1CC2C /* Sources */ = {
			isa = PBXSourcesBuildPhase;
			buildActionMask = 2147483647;
			files = (
				07FABC0D25C9AF8600E1CC2C /* CopyFiles.swift in Sources */,
				07FABC0B25C9AF8600E1CC2C /* BlinkFiles+Extensions.swift in Sources */,
				07FABC0A25C9AF8600E1CC2C /* LocalFiles.swift in Sources */,
				07FABC0C25C9AF8600E1CC2C /* BlinkFiles.swift in Sources */,
			);
			runOnlyForDeploymentPostprocessing = 0;
		};
		07FABBB325C9AECF00E1CC2C /* Sources */ = {
			isa = PBXSourcesBuildPhase;
			buildActionMask = 2147483647;
			files = (
				07FABBBF25C9AECF00E1CC2C /* BlinkFilesTests.swift in Sources */,
				07FABC1525C9AF8F00E1CC2C /* LocalFilesTests.swift in Sources */,
				07FABC1625C9AF8F00E1CC2C /* CopyFilesTests.swift in Sources */,
			);
			runOnlyForDeploymentPostprocessing = 0;
		};
		D218068325CC277900B98902 /* Sources */ = {
			isa = PBXSourcesBuildPhase;
			buildActionMask = 2147483647;
			files = (
				D218069525CC27AC00B98902 /* AppBridge.m in Sources */,
			);
			runOnlyForDeploymentPostprocessing = 0;
		};
/* End PBXSourcesBuildPhase section */

/* Begin PBXTargetDependency section */
		07FABB8F25C9AEC100E1CC2C /* PBXTargetDependency */ = {
			isa = PBXTargetDependency;
			target = 07FABB8325C9AEC000E1CC2C /* SSH */;
			targetProxy = 07FABB8E25C9AEC100E1CC2C /* PBXContainerItemProxy */;
		};
		07FABBBA25C9AECF00E1CC2C /* PBXTargetDependency */ = {
			isa = PBXTargetDependency;
			target = 07FABBAE25C9AECF00E1CC2C /* BlinkFiles */;
			targetProxy = 07FABBB925C9AECF00E1CC2C /* PBXContainerItemProxy */;
		};
		07FABC4B25C9B08100E1CC2C /* PBXTargetDependency */ = {
			isa = PBXTargetDependency;
			target = 07FABBAE25C9AECF00E1CC2C /* BlinkFiles */;
			targetProxy = 07FABC4A25C9B08100E1CC2C /* PBXContainerItemProxy */;
		};
/* End PBXTargetDependency section */

/* Begin XCBuildConfiguration section */
		07FABB9B25C9AEC100E1CC2C /* Debug */ = {
			isa = XCBuildConfiguration;
			buildSettings = {
				CLANG_ANALYZER_NONNULL = YES;
				CLANG_ANALYZER_NUMBER_OBJECT_CONVERSION = YES_AGGRESSIVE;
				CLANG_CXX_LANGUAGE_STANDARD = "gnu++14";
				CLANG_ENABLE_MODULES = YES;
				CLANG_ENABLE_OBJC_WEAK = YES;
				CLANG_WARN_DEPRECATED_OBJC_IMPLEMENTATIONS = YES;
				CLANG_WARN_DOCUMENTATION_COMMENTS = YES;
				CLANG_WARN_OBJC_IMPLICIT_RETAIN_SELF = YES;
				CLANG_WARN_QUOTED_INCLUDE_IN_FRAMEWORK_HEADER = YES;
				CLANG_WARN_UNGUARDED_AVAILABILITY = YES_AGGRESSIVE;
				CODE_SIGN_IDENTITY = "iPhone Developer";
				"CODE_SIGN_IDENTITY[sdk=iphoneos*]" = "iPhone Developer";
				CODE_SIGN_STYLE = Automatic;
				CURRENT_PROJECT_VERSION = 544;
				DEFINES_MODULE = YES;
				DYLIB_COMPATIBILITY_VERSION = 1;
				DYLIB_CURRENT_VERSION = 1;
				DYLIB_INSTALL_NAME_BASE = "@rpath";
				GCC_C_LANGUAGE_STANDARD = gnu11;
				GCC_PREPROCESSOR_DEFINITIONS = (
					"DEBUG=1",
					"$(inherited)",
				);
				INFOPLIST_FILE = SSH/Info.plist;
				INSTALL_PATH = "$(LOCAL_LIBRARY_DIR)/Frameworks";
				IPHONEOS_DEPLOYMENT_TARGET = 16.1;
				LD_RUNPATH_SEARCH_PATHS = (
					"$(inherited)",
					"@executable_path/Frameworks",
					"@loader_path/Frameworks",
				);
				MARKETING_VERSION = 15.0.8;
				MTL_ENABLE_DEBUG_INFO = INCLUDE_SOURCE;
				MTL_FAST_MATH = YES;
				PRODUCT_BUNDLE_IDENTIFIER = "$(BUNDLE_ID).SSH";
				PRODUCT_NAME = "$(TARGET_NAME:c99extidentifier)";
				SKIP_INSTALL = YES;
				SWIFT_ACTIVE_COMPILATION_CONDITIONS = DEBUG;
				SWIFT_OPTIMIZATION_LEVEL = "-Onone";
				SWIFT_VERSION = 5.0;
				TARGETED_DEVICE_FAMILY = "1,2";
				VERSIONING_SYSTEM = "apple-generic";
				VERSION_INFO_PREFIX = "";
			};
			name = Debug;
		};
		07FABB9C25C9AEC100E1CC2C /* Release */ = {
			isa = XCBuildConfiguration;
			buildSettings = {
				CLANG_ANALYZER_NONNULL = YES;
				CLANG_ANALYZER_NUMBER_OBJECT_CONVERSION = YES_AGGRESSIVE;
				CLANG_CXX_LANGUAGE_STANDARD = "gnu++14";
				CLANG_ENABLE_MODULES = YES;
				CLANG_ENABLE_OBJC_WEAK = YES;
				CLANG_WARN_DEPRECATED_OBJC_IMPLEMENTATIONS = YES;
				CLANG_WARN_DOCUMENTATION_COMMENTS = YES;
				CLANG_WARN_OBJC_IMPLICIT_RETAIN_SELF = YES;
				CLANG_WARN_QUOTED_INCLUDE_IN_FRAMEWORK_HEADER = YES;
				CLANG_WARN_UNGUARDED_AVAILABILITY = YES_AGGRESSIVE;
				CODE_SIGN_IDENTITY = "iPhone Developer";
				"CODE_SIGN_IDENTITY[sdk=iphoneos*]" = "iPhone Developer";
				CODE_SIGN_STYLE = Automatic;
				CURRENT_PROJECT_VERSION = 544;
				DEFINES_MODULE = YES;
				DYLIB_COMPATIBILITY_VERSION = 1;
				DYLIB_CURRENT_VERSION = 1;
				DYLIB_INSTALL_NAME_BASE = "@rpath";
				GCC_C_LANGUAGE_STANDARD = gnu11;
				INFOPLIST_FILE = SSH/Info.plist;
				INSTALL_PATH = "$(LOCAL_LIBRARY_DIR)/Frameworks";
				IPHONEOS_DEPLOYMENT_TARGET = 16.1;
				LD_RUNPATH_SEARCH_PATHS = (
					"$(inherited)",
					"@executable_path/Frameworks",
					"@loader_path/Frameworks",
				);
				MARKETING_VERSION = 15.0.8;
				MTL_FAST_MATH = YES;
				PRODUCT_BUNDLE_IDENTIFIER = "$(BUNDLE_ID).SSH";
				PRODUCT_NAME = "$(TARGET_NAME:c99extidentifier)";
				SKIP_INSTALL = YES;
				SWIFT_VERSION = 5.0;
				TARGETED_DEVICE_FAMILY = "1,2";
				VERSIONING_SYSTEM = "apple-generic";
				VERSION_INFO_PREFIX = "";
			};
			name = Release;
		};
		07FABB9D25C9AEC100E1CC2C /* Debug */ = {
			isa = XCBuildConfiguration;
			buildSettings = {
				CLANG_ANALYZER_NONNULL = YES;
				CLANG_ANALYZER_NUMBER_OBJECT_CONVERSION = YES_AGGRESSIVE;
				CLANG_CXX_LANGUAGE_STANDARD = "gnu++14";
				CLANG_ENABLE_OBJC_WEAK = YES;
				CLANG_WARN_DEPRECATED_OBJC_IMPLEMENTATIONS = YES;
				CLANG_WARN_DOCUMENTATION_COMMENTS = YES;
				CLANG_WARN_OBJC_IMPLICIT_RETAIN_SELF = YES;
				CLANG_WARN_QUOTED_INCLUDE_IN_FRAMEWORK_HEADER = YES;
				CLANG_WARN_UNGUARDED_AVAILABILITY = YES_AGGRESSIVE;
				CODE_SIGN_STYLE = Automatic;
				GCC_C_LANGUAGE_STANDARD = gnu11;
				GCC_PREPROCESSOR_DEFINITIONS = (
					"DEBUG=1",
					"$(inherited)",
				);
				INFOPLIST_FILE = SSHTests/Info.plist;
				IPHONEOS_DEPLOYMENT_TARGET = 16.1;
				LD_RUNPATH_SEARCH_PATHS = (
					"$(inherited)",
					"@executable_path/Frameworks",
					"@loader_path/Frameworks",
				);
				MTL_ENABLE_DEBUG_INFO = INCLUDE_SOURCE;
				MTL_FAST_MATH = YES;
				PRODUCT_BUNDLE_IDENTIFIER = "$(BUNDLE_ID).SSHTests";
				PRODUCT_NAME = "$(TARGET_NAME)";
				SWIFT_ACTIVE_COMPILATION_CONDITIONS = DEBUG;
				SWIFT_OPTIMIZATION_LEVEL = "-Onone";
				SWIFT_VERSION = 5.0;
				TARGETED_DEVICE_FAMILY = "1,2";
			};
			name = Debug;
		};
		07FABB9E25C9AEC100E1CC2C /* Release */ = {
			isa = XCBuildConfiguration;
			buildSettings = {
				CLANG_ANALYZER_NONNULL = YES;
				CLANG_ANALYZER_NUMBER_OBJECT_CONVERSION = YES_AGGRESSIVE;
				CLANG_CXX_LANGUAGE_STANDARD = "gnu++14";
				CLANG_ENABLE_OBJC_WEAK = YES;
				CLANG_WARN_DEPRECATED_OBJC_IMPLEMENTATIONS = YES;
				CLANG_WARN_DOCUMENTATION_COMMENTS = YES;
				CLANG_WARN_OBJC_IMPLICIT_RETAIN_SELF = YES;
				CLANG_WARN_QUOTED_INCLUDE_IN_FRAMEWORK_HEADER = YES;
				CLANG_WARN_UNGUARDED_AVAILABILITY = YES_AGGRESSIVE;
				CODE_SIGN_STYLE = Automatic;
				GCC_C_LANGUAGE_STANDARD = gnu11;
				INFOPLIST_FILE = SSHTests/Info.plist;
				IPHONEOS_DEPLOYMENT_TARGET = 16.1;
				LD_RUNPATH_SEARCH_PATHS = (
					"$(inherited)",
					"@executable_path/Frameworks",
					"@loader_path/Frameworks",
				);
				MTL_FAST_MATH = YES;
				PRODUCT_BUNDLE_IDENTIFIER = "$(BUNDLE_ID).SSHTests";
				PRODUCT_NAME = "$(TARGET_NAME)";
				SWIFT_VERSION = 5.0;
				TARGETED_DEVICE_FAMILY = "1,2";
			};
			name = Release;
		};
		07FABBC725C9AECF00E1CC2C /* Debug */ = {
			isa = XCBuildConfiguration;
			buildSettings = {
				CLANG_ANALYZER_NONNULL = YES;
				CLANG_ANALYZER_NUMBER_OBJECT_CONVERSION = YES_AGGRESSIVE;
				CLANG_CXX_LANGUAGE_STANDARD = "gnu++14";
				CLANG_ENABLE_MODULES = YES;
				CLANG_ENABLE_OBJC_WEAK = YES;
				CLANG_WARN_DEPRECATED_OBJC_IMPLEMENTATIONS = YES;
				CLANG_WARN_DOCUMENTATION_COMMENTS = YES;
				CLANG_WARN_OBJC_IMPLICIT_RETAIN_SELF = YES;
				CLANG_WARN_QUOTED_INCLUDE_IN_FRAMEWORK_HEADER = YES;
				CLANG_WARN_UNGUARDED_AVAILABILITY = YES_AGGRESSIVE;
				CODE_SIGN_IDENTITY = "iPhone Developer";
				"CODE_SIGN_IDENTITY[sdk=iphoneos*]" = "iPhone Developer";
				CODE_SIGN_STYLE = Automatic;
				CURRENT_PROJECT_VERSION = 544;
				DEFINES_MODULE = YES;
				DYLIB_COMPATIBILITY_VERSION = 1;
				DYLIB_CURRENT_VERSION = 1;
				DYLIB_INSTALL_NAME_BASE = "@rpath";
				GCC_C_LANGUAGE_STANDARD = gnu11;
				GCC_PREPROCESSOR_DEFINITIONS = (
					"DEBUG=1",
					"$(inherited)",
				);
				INFOPLIST_FILE = BlinkFiles/Info.plist;
				INSTALL_PATH = "$(LOCAL_LIBRARY_DIR)/Frameworks";
				IPHONEOS_DEPLOYMENT_TARGET = 16.1;
				LD_RUNPATH_SEARCH_PATHS = (
					"$(inherited)",
					"@executable_path/Frameworks",
					"@loader_path/Frameworks",
				);
				MARKETING_VERSION = 15.0.8;
				MTL_ENABLE_DEBUG_INFO = INCLUDE_SOURCE;
				MTL_FAST_MATH = YES;
				PRODUCT_BUNDLE_IDENTIFIER = "$(BUNDLE_ID).BlinkFiles";
				PRODUCT_NAME = "$(TARGET_NAME:c99extidentifier)";
				SKIP_INSTALL = YES;
				SUPPORTS_MACCATALYST = YES;
				SUPPORTS_MAC_DESIGNED_FOR_IPHONE_IPAD = NO;
				SWIFT_ACTIVE_COMPILATION_CONDITIONS = DEBUG;
				SWIFT_OPTIMIZATION_LEVEL = "-Onone";
				SWIFT_VERSION = 5.0;
				TARGETED_DEVICE_FAMILY = "1,2,6";
				VERSIONING_SYSTEM = "apple-generic";
				VERSION_INFO_PREFIX = "";
			};
			name = Debug;
		};
		07FABBC825C9AECF00E1CC2C /* Release */ = {
			isa = XCBuildConfiguration;
			buildSettings = {
				CLANG_ANALYZER_NONNULL = YES;
				CLANG_ANALYZER_NUMBER_OBJECT_CONVERSION = YES_AGGRESSIVE;
				CLANG_CXX_LANGUAGE_STANDARD = "gnu++14";
				CLANG_ENABLE_MODULES = YES;
				CLANG_ENABLE_OBJC_WEAK = YES;
				CLANG_WARN_DEPRECATED_OBJC_IMPLEMENTATIONS = YES;
				CLANG_WARN_DOCUMENTATION_COMMENTS = YES;
				CLANG_WARN_OBJC_IMPLICIT_RETAIN_SELF = YES;
				CLANG_WARN_QUOTED_INCLUDE_IN_FRAMEWORK_HEADER = YES;
				CLANG_WARN_UNGUARDED_AVAILABILITY = YES_AGGRESSIVE;
				CODE_SIGN_IDENTITY = "iPhone Developer";
				"CODE_SIGN_IDENTITY[sdk=iphoneos*]" = "iPhone Developer";
				CODE_SIGN_STYLE = Automatic;
				CURRENT_PROJECT_VERSION = 544;
				DEFINES_MODULE = YES;
				DYLIB_COMPATIBILITY_VERSION = 1;
				DYLIB_CURRENT_VERSION = 1;
				DYLIB_INSTALL_NAME_BASE = "@rpath";
				GCC_C_LANGUAGE_STANDARD = gnu11;
				INFOPLIST_FILE = BlinkFiles/Info.plist;
				INSTALL_PATH = "$(LOCAL_LIBRARY_DIR)/Frameworks";
				IPHONEOS_DEPLOYMENT_TARGET = 16.1;
				LD_RUNPATH_SEARCH_PATHS = (
					"$(inherited)",
					"@executable_path/Frameworks",
					"@loader_path/Frameworks",
				);
				MARKETING_VERSION = 15.0.8;
				MTL_FAST_MATH = YES;
				PRODUCT_BUNDLE_IDENTIFIER = "$(BUNDLE_ID).BlinkFiles";
				PRODUCT_NAME = "$(TARGET_NAME:c99extidentifier)";
				SKIP_INSTALL = YES;
				SUPPORTS_MACCATALYST = YES;
				SUPPORTS_MAC_DESIGNED_FOR_IPHONE_IPAD = NO;
				SWIFT_VERSION = 5.0;
				TARGETED_DEVICE_FAMILY = "1,2,6";
				VERSIONING_SYSTEM = "apple-generic";
				VERSION_INFO_PREFIX = "";
			};
			name = Release;
		};
		07FABBCA25C9AECF00E1CC2C /* Debug */ = {
			isa = XCBuildConfiguration;
			buildSettings = {
				BUNDLE_LOADER = "$(TEST_HOST)";
				CLANG_ANALYZER_NONNULL = YES;
				CLANG_ANALYZER_NUMBER_OBJECT_CONVERSION = YES_AGGRESSIVE;
				CLANG_CXX_LANGUAGE_STANDARD = "gnu++14";
				CLANG_ENABLE_OBJC_WEAK = YES;
				CLANG_WARN_DEPRECATED_OBJC_IMPLEMENTATIONS = YES;
				CLANG_WARN_DOCUMENTATION_COMMENTS = YES;
				CLANG_WARN_OBJC_IMPLICIT_RETAIN_SELF = YES;
				CLANG_WARN_QUOTED_INCLUDE_IN_FRAMEWORK_HEADER = YES;
				CLANG_WARN_UNGUARDED_AVAILABILITY = YES_AGGRESSIVE;
				CODE_SIGN_STYLE = Automatic;
				GCC_C_LANGUAGE_STANDARD = gnu11;
				GCC_PREPROCESSOR_DEFINITIONS = (
					"DEBUG=1",
					"$(inherited)",
				);
				INFOPLIST_FILE = BlinkFilesTests/Info.plist;
				IPHONEOS_DEPLOYMENT_TARGET = 16.1;
				LD_RUNPATH_SEARCH_PATHS = (
					"$(inherited)",
					"@executable_path/Frameworks",
					"@loader_path/Frameworks",
				);
				MTL_ENABLE_DEBUG_INFO = INCLUDE_SOURCE;
				MTL_FAST_MATH = YES;
				PRODUCT_BUNDLE_IDENTIFIER = "$(BUNDLE_ID).BlinkFilesTests";
				PRODUCT_NAME = "$(TARGET_NAME)";
				SWIFT_ACTIVE_COMPILATION_CONDITIONS = DEBUG;
				SWIFT_OPTIMIZATION_LEVEL = "-Onone";
				SWIFT_VERSION = 5.0;
				TARGETED_DEVICE_FAMILY = "1,2";
				TEST_HOST = "$(BUILT_PRODUCTS_DIR)/Blink.app/Blink";
			};
			name = Debug;
		};
		07FABBCB25C9AECF00E1CC2C /* Release */ = {
			isa = XCBuildConfiguration;
			buildSettings = {
				BUNDLE_LOADER = "$(TEST_HOST)";
				CLANG_ANALYZER_NONNULL = YES;
				CLANG_ANALYZER_NUMBER_OBJECT_CONVERSION = YES_AGGRESSIVE;
				CLANG_CXX_LANGUAGE_STANDARD = "gnu++14";
				CLANG_ENABLE_OBJC_WEAK = YES;
				CLANG_WARN_DEPRECATED_OBJC_IMPLEMENTATIONS = YES;
				CLANG_WARN_DOCUMENTATION_COMMENTS = YES;
				CLANG_WARN_OBJC_IMPLICIT_RETAIN_SELF = YES;
				CLANG_WARN_QUOTED_INCLUDE_IN_FRAMEWORK_HEADER = YES;
				CLANG_WARN_UNGUARDED_AVAILABILITY = YES_AGGRESSIVE;
				CODE_SIGN_STYLE = Automatic;
				GCC_C_LANGUAGE_STANDARD = gnu11;
				INFOPLIST_FILE = BlinkFilesTests/Info.plist;
				IPHONEOS_DEPLOYMENT_TARGET = 16.1;
				LD_RUNPATH_SEARCH_PATHS = (
					"$(inherited)",
					"@executable_path/Frameworks",
					"@loader_path/Frameworks",
				);
				MTL_FAST_MATH = YES;
				PRODUCT_BUNDLE_IDENTIFIER = "$(BUNDLE_ID).BlinkFilesTests";
				PRODUCT_NAME = "$(TARGET_NAME)";
				SWIFT_VERSION = 5.0;
				TARGETED_DEVICE_FAMILY = "1,2";
				TEST_HOST = "$(BUILT_PRODUCTS_DIR)/Blink.app/Blink";
			};
			name = Release;
		};
		D218068B25CC277900B98902 /* Debug */ = {
			isa = XCBuildConfiguration;
			buildSettings = {
				CLANG_ANALYZER_NONNULL = YES;
				CLANG_ANALYZER_NUMBER_OBJECT_CONVERSION = YES_AGGRESSIVE;
				CLANG_CXX_LANGUAGE_STANDARD = "gnu++14";
				CLANG_ENABLE_OBJC_WEAK = YES;
				CLANG_WARN_DEPRECATED_OBJC_IMPLEMENTATIONS = YES;
				CLANG_WARN_DOCUMENTATION_COMMENTS = YES;
				CLANG_WARN_OBJC_IMPLICIT_RETAIN_SELF = YES;
				CLANG_WARN_QUOTED_INCLUDE_IN_FRAMEWORK_HEADER = YES;
				CLANG_WARN_UNGUARDED_AVAILABILITY = YES_AGGRESSIVE;
				CODE_SIGN_STYLE = Automatic;
				COMBINE_HIDPI_IMAGES = YES;
				GCC_C_LANGUAGE_STANDARD = gnu11;
				GCC_PREPROCESSOR_DEFINITIONS = (
					"DEBUG=1",
					"$(inherited)",
				);
				INFOPLIST_FILE = AppKitBridge/Info.plist;
				INSTALL_PATH = "$(LOCAL_LIBRARY_DIR)/Bundles";
				MACOSX_DEPLOYMENT_TARGET = 11.1;
				MTL_ENABLE_DEBUG_INFO = INCLUDE_SOURCE;
				MTL_FAST_MATH = YES;
				PRODUCT_BUNDLE_IDENTIFIER = "$(BUNDLE_ID).AppKitBridge";
				PRODUCT_NAME = "$(TARGET_NAME)";
				SDKROOT = macosx;
				SKIP_INSTALL = YES;
				WRAPPER_EXTENSION = bundle;
			};
			name = Debug;
		};
		D218068C25CC277900B98902 /* Release */ = {
			isa = XCBuildConfiguration;
			buildSettings = {
				CLANG_ANALYZER_NONNULL = YES;
				CLANG_ANALYZER_NUMBER_OBJECT_CONVERSION = YES_AGGRESSIVE;
				CLANG_CXX_LANGUAGE_STANDARD = "gnu++14";
				CLANG_ENABLE_OBJC_WEAK = YES;
				CLANG_WARN_DEPRECATED_OBJC_IMPLEMENTATIONS = YES;
				CLANG_WARN_DOCUMENTATION_COMMENTS = YES;
				CLANG_WARN_OBJC_IMPLICIT_RETAIN_SELF = YES;
				CLANG_WARN_QUOTED_INCLUDE_IN_FRAMEWORK_HEADER = YES;
				CLANG_WARN_UNGUARDED_AVAILABILITY = YES_AGGRESSIVE;
				CODE_SIGN_STYLE = Automatic;
				COMBINE_HIDPI_IMAGES = YES;
				GCC_C_LANGUAGE_STANDARD = gnu11;
				INFOPLIST_FILE = AppKitBridge/Info.plist;
				INSTALL_PATH = "$(LOCAL_LIBRARY_DIR)/Bundles";
				MACOSX_DEPLOYMENT_TARGET = 11.1;
				MTL_FAST_MATH = YES;
				PRODUCT_BUNDLE_IDENTIFIER = "$(BUNDLE_ID).AppKitBridge";
				PRODUCT_NAME = "$(TARGET_NAME)";
				SDKROOT = macosx;
				SKIP_INSTALL = YES;
				WRAPPER_EXTENSION = bundle;
			};
			name = Release;
		};
		EA0BA1AB1C0CC57C00719C1A /* Debug */ = {
			isa = XCBuildConfiguration;
			baseConfigurationReference = D27D01232615F1BD00128C23 /* developer_setup.xcconfig */;
			buildSettings = {
				ALWAYS_EMBED_SWIFT_STANDARD_LIBRARIES = YES;
				CLANG_ANALYZER_LOCALIZABILITY_NONLOCALIZED = YES;
				CLANG_CXX_LANGUAGE_STANDARD = "gnu++0x";
				CLANG_CXX_LIBRARY = "libc++";
				CLANG_ENABLE_MODULES = YES;
				CLANG_ENABLE_OBJC_ARC = YES;
				CLANG_WARN_BLOCK_CAPTURE_AUTORELEASING = YES;
				CLANG_WARN_BOOL_CONVERSION = YES;
				CLANG_WARN_COMMA = YES;
				CLANG_WARN_CONSTANT_CONVERSION = YES;
				CLANG_WARN_DIRECT_OBJC_ISA_USAGE = YES_ERROR;
				CLANG_WARN_EMPTY_BODY = YES;
				CLANG_WARN_ENUM_CONVERSION = YES;
				CLANG_WARN_INFINITE_RECURSION = YES;
				CLANG_WARN_INT_CONVERSION = YES;
				CLANG_WARN_NON_LITERAL_NULL_CONVERSION = YES;
				CLANG_WARN_OBJC_LITERAL_CONVERSION = YES;
				CLANG_WARN_OBJC_ROOT_CLASS = YES_ERROR;
				CLANG_WARN_RANGE_LOOP_ANALYSIS = YES;
				CLANG_WARN_STRICT_PROTOTYPES = YES;
				CLANG_WARN_SUSPICIOUS_MOVE = YES;
				CLANG_WARN_UNREACHABLE_CODE = YES;
				CLANG_WARN__DUPLICATE_METHOD_MATCH = YES;
				"CODE_SIGN_IDENTITY[sdk=iphoneos*]" = "iPhone Developer";
				COPY_PHASE_STRIP = NO;
				DEBUG_INFORMATION_FORMAT = dwarf;
				DEFINES_MODULE = YES;
				DEVELOPMENT_TEAM = "$(TEAM_ID)";
				ENABLE_STRICT_OBJC_MSGSEND = YES;
				ENABLE_TESTABILITY = YES;
				GCC_C_LANGUAGE_STANDARD = gnu99;
				GCC_DYNAMIC_NO_PIC = NO;
				GCC_NO_COMMON_BLOCKS = YES;
				GCC_OPTIMIZATION_LEVEL = 0;
				GCC_PREPROCESSOR_DEFINITIONS = "$(inherited)";
				GCC_WARN_64_TO_32_BIT_CONVERSION = YES;
				GCC_WARN_ABOUT_RETURN_TYPE = YES_ERROR;
				GCC_WARN_UNDECLARED_SELECTOR = YES;
				GCC_WARN_UNINITIALIZED_AUTOS = YES_AGGRESSIVE;
				GCC_WARN_UNUSED_FUNCTION = YES;
				GCC_WARN_UNUSED_VARIABLE = YES;
				IPHONEOS_DEPLOYMENT_TARGET = 15.0;
				MACOSX_DEPLOYMENT_TARGET = 12.0;
				MTL_ENABLE_DEBUG_INFO = YES;
				ONLY_ACTIVE_ARCH = YES;
				SDKROOT = iphoneos;
				SWIFT_VERSION = 5.0;
			};
			name = Debug;
		};
		EA0BA1AC1C0CC57C00719C1A /* Release */ = {
			isa = XCBuildConfiguration;
			baseConfigurationReference = D27D01232615F1BD00128C23 /* developer_setup.xcconfig */;
			buildSettings = {
				ALWAYS_EMBED_SWIFT_STANDARD_LIBRARIES = YES;
				CLANG_ANALYZER_LOCALIZABILITY_NONLOCALIZED = YES;
				CLANG_CXX_LANGUAGE_STANDARD = "gnu++0x";
				CLANG_CXX_LIBRARY = "libc++";
				CLANG_ENABLE_MODULES = YES;
				CLANG_ENABLE_OBJC_ARC = YES;
				CLANG_WARN_BLOCK_CAPTURE_AUTORELEASING = YES;
				CLANG_WARN_BOOL_CONVERSION = YES;
				CLANG_WARN_COMMA = YES;
				CLANG_WARN_CONSTANT_CONVERSION = YES;
				CLANG_WARN_DIRECT_OBJC_ISA_USAGE = YES_ERROR;
				CLANG_WARN_EMPTY_BODY = YES;
				CLANG_WARN_ENUM_CONVERSION = YES;
				CLANG_WARN_INFINITE_RECURSION = YES;
				CLANG_WARN_INT_CONVERSION = YES;
				CLANG_WARN_NON_LITERAL_NULL_CONVERSION = YES;
				CLANG_WARN_OBJC_LITERAL_CONVERSION = YES;
				CLANG_WARN_OBJC_ROOT_CLASS = YES_ERROR;
				CLANG_WARN_RANGE_LOOP_ANALYSIS = YES;
				CLANG_WARN_STRICT_PROTOTYPES = YES;
				CLANG_WARN_SUSPICIOUS_MOVE = YES;
				CLANG_WARN_UNREACHABLE_CODE = YES;
				CLANG_WARN__DUPLICATE_METHOD_MATCH = YES;
				"CODE_SIGN_IDENTITY[sdk=iphoneos*]" = "iPhone Developer";
				COPY_PHASE_STRIP = NO;
				DEBUG_INFORMATION_FORMAT = "dwarf-with-dsym";
				DEFINES_MODULE = YES;
				DEVELOPMENT_TEAM = "$(TEAM_ID)";
				ENABLE_NS_ASSERTIONS = NO;
				ENABLE_STRICT_OBJC_MSGSEND = YES;
				GCC_C_LANGUAGE_STANDARD = gnu99;
				GCC_NO_COMMON_BLOCKS = YES;
				GCC_OPTIMIZATION_LEVEL = s;
				GCC_PREPROCESSOR_DEFINITIONS = "";
				GCC_WARN_64_TO_32_BIT_CONVERSION = YES;
				GCC_WARN_ABOUT_RETURN_TYPE = YES_ERROR;
				GCC_WARN_UNDECLARED_SELECTOR = YES;
				GCC_WARN_UNINITIALIZED_AUTOS = YES_AGGRESSIVE;
				GCC_WARN_UNUSED_FUNCTION = YES;
				GCC_WARN_UNUSED_VARIABLE = YES;
				IPHONEOS_DEPLOYMENT_TARGET = 15.0;
				MACOSX_DEPLOYMENT_TARGET = 12.0;
				MTL_ENABLE_DEBUG_INFO = NO;
				SDKROOT = iphoneos;
				SWIFT_COMPILATION_MODE = wholemodule;
				SWIFT_OPTIMIZATION_LEVEL = "-O";
				SWIFT_VERSION = 5.0;
				VALIDATE_PRODUCT = YES;
			};
			name = Release;
		};
/* End XCBuildConfiguration section */

/* Begin XCConfigurationList section */
		07FABBA525C9AEC100E1CC2C /* Build configuration list for PBXNativeTarget "SSH" */ = {
			isa = XCConfigurationList;
			buildConfigurations = (
				07FABB9B25C9AEC100E1CC2C /* Debug */,
				07FABB9C25C9AEC100E1CC2C /* Release */,
			);
			defaultConfigurationIsVisible = 0;
			defaultConfigurationName = Debug;
		};
		07FABBA625C9AEC100E1CC2C /* Build configuration list for PBXNativeTarget "SSHTests" */ = {
			isa = XCConfigurationList;
			buildConfigurations = (
				07FABB9D25C9AEC100E1CC2C /* Debug */,
				07FABB9E25C9AEC100E1CC2C /* Release */,
			);
			defaultConfigurationIsVisible = 0;
			defaultConfigurationName = Debug;
		};
		07FABBC625C9AECF00E1CC2C /* Build configuration list for PBXNativeTarget "BlinkFiles" */ = {
			isa = XCConfigurationList;
			buildConfigurations = (
				07FABBC725C9AECF00E1CC2C /* Debug */,
				07FABBC825C9AECF00E1CC2C /* Release */,
			);
			defaultConfigurationIsVisible = 0;
			defaultConfigurationName = Debug;
		};
		07FABBC925C9AECF00E1CC2C /* Build configuration list for PBXNativeTarget "BlinkFilesTests" */ = {
			isa = XCConfigurationList;
			buildConfigurations = (
				07FABBCA25C9AECF00E1CC2C /* Debug */,
				07FABBCB25C9AECF00E1CC2C /* Release */,
			);
			defaultConfigurationIsVisible = 0;
			defaultConfigurationName = Debug;
		};
		D218068A25CC277900B98902 /* Build configuration list for PBXNativeTarget "AppKitBridge" */ = {
			isa = XCConfigurationList;
			buildConfigurations = (
				D218068B25CC277900B98902 /* Debug */,
				D218068C25CC277900B98902 /* Release */,
			);
			defaultConfigurationIsVisible = 0;
			defaultConfigurationName = Debug;
		};
		EA0BA1861C0CC57B00719C1A /* Build configuration list for PBXProject "Blink" */ = {
			isa = XCConfigurationList;
			buildConfigurations = (
				EA0BA1AB1C0CC57C00719C1A /* Debug */,
				EA0BA1AC1C0CC57C00719C1A /* Release */,
			);
			defaultConfigurationIsVisible = 0;
			defaultConfigurationName = Debug;
		};
/* End XCConfigurationList section */
	};
	rootObject = EA0BA1831C0CC57B00719C1A /* Project object */;
}
